// !$*UTF8*$!
{
	archiveVersion = 1;
	classes = {
	};
	objectVersion = 50;
	objects = {

/* Begin PBXBuildFile section */
		D83FBABB26D4E51A0014B7F6 /* AppDelegate.swift in Sources */ = {isa = PBXBuildFile; fileRef = D83FBABA26D4E51A0014B7F6 /* AppDelegate.swift */; };
		D83FBABD26D4E51A0014B7F6 /* SceneDelegate.swift in Sources */ = {isa = PBXBuildFile; fileRef = D83FBABC26D4E51A0014B7F6 /* SceneDelegate.swift */; };
		D83FBABF26D4E51A0014B7F6 /* ViewController.swift in Sources */ = {isa = PBXBuildFile; fileRef = D83FBABE26D4E51A0014B7F6 /* ViewController.swift */; };
		D83FBAC226D4E51A0014B7F6 /* Main.storyboard in Resources */ = {isa = PBXBuildFile; fileRef = D83FBAC026D4E51A0014B7F6 /* Main.storyboard */; };
		D83FBAC426D4E51A0014B7F6 /* Assets.xcassets in Resources */ = {isa = PBXBuildFile; fileRef = D83FBAC326D4E51A0014B7F6 /* Assets.xcassets */; };
		D83FBAC726D4E51A0014B7F6 /* LaunchScreen.storyboard in Resources */ = {isa = PBXBuildFile; fileRef = D83FBAC526D4E51A0014B7F6 /* LaunchScreen.storyboard */; };
		D83FBAD226D4E51A0014B7F6 /* projectETests.swift in Sources */ = {isa = PBXBuildFile; fileRef = D83FBAD126D4E51A0014B7F6 /* projectETests.swift */; };
		D83FBADD26D4E51A0014B7F6 /* projectEUITests.swift in Sources */ = {isa = PBXBuildFile; fileRef = D83FBADC26D4E51A0014B7F6 /* projectEUITests.swift */; };
/* End PBXBuildFile section */

/* Begin PBXContainerItemProxy section */
		D83FBACE26D4E51A0014B7F6 /* PBXContainerItemProxy */ = {
			isa = PBXContainerItemProxy;
			containerPortal = D83FBAAF26D4E51A0014B7F6 /* Project object */;
			proxyType = 1;
			remoteGlobalIDString = D83FBAB626D4E51A0014B7F6;
			remoteInfo = projectE;
		};
		D83FBAD926D4E51A0014B7F6 /* PBXContainerItemProxy */ = {
			isa = PBXContainerItemProxy;
			containerPortal = D83FBAAF26D4E51A0014B7F6 /* Project object */;
			proxyType = 1;
			remoteGlobalIDString = D83FBAB626D4E51A0014B7F6;
			remoteInfo = projectE;
		};
/* End PBXContainerItemProxy section */

/* Begin PBXFileReference section */
		D83FBAB726D4E51A0014B7F6 /* projectE.app */ = {isa = PBXFileReference; explicitFileType = wrapper.application; includeInIndex = 0; path = projectE.app; sourceTree = BUILT_PRODUCTS_DIR; };
		D83FBABA26D4E51A0014B7F6 /* AppDelegate.swift */ = {isa = PBXFileReference; lastKnownFileType = sourcecode.swift; path = AppDelegate.swift; sourceTree = "<group>"; };
		D83FBABC26D4E51A0014B7F6 /* SceneDelegate.swift */ = {isa = PBXFileReference; lastKnownFileType = sourcecode.swift; path = SceneDelegate.swift; sourceTree = "<group>"; };
		D83FBABE26D4E51A0014B7F6 /* ViewController.swift */ = {isa = PBXFileReference; lastKnownFileType = sourcecode.swift; path = ViewController.swift; sourceTree = "<group>"; };
		D83FBAC126D4E51A0014B7F6 /* Base */ = {isa = PBXFileReference; lastKnownFileType = file.storyboard; name = Base; path = Base.lproj/Main.storyboard; sourceTree = "<group>"; };
		D83FBAC326D4E51A0014B7F6 /* Assets.xcassets */ = {isa = PBXFileReference; lastKnownFileType = folder.assetcatalog; path = Assets.xcassets; sourceTree = "<group>"; };
		D83FBAC626D4E51A0014B7F6 /* Base */ = {isa = PBXFileReference; lastKnownFileType = file.storyboard; name = Base; path = Base.lproj/LaunchScreen.storyboard; sourceTree = "<group>"; };
		D83FBAC826D4E51A0014B7F6 /* Info.plist */ = {isa = PBXFileReference; lastKnownFileType = text.plist.xml; path = Info.plist; sourceTree = "<group>"; };
		D83FBACD26D4E51A0014B7F6 /* projectETests.xctest */ = {isa = PBXFileReference; explicitFileType = wrapper.cfbundle; includeInIndex = 0; path = projectETests.xctest; sourceTree = BUILT_PRODUCTS_DIR; };
		D83FBAD126D4E51A0014B7F6 /* projectETests.swift */ = {isa = PBXFileReference; lastKnownFileType = sourcecode.swift; path = projectETests.swift; sourceTree = "<group>"; };
		D83FBAD326D4E51A0014B7F6 /* Info.plist */ = {isa = PBXFileReference; lastKnownFileType = text.plist.xml; path = Info.plist; sourceTree = "<group>"; };
		D83FBAD826D4E51A0014B7F6 /* projectEUITests.xctest */ = {isa = PBXFileReference; explicitFileType = wrapper.cfbundle; includeInIndex = 0; path = projectEUITests.xctest; sourceTree = BUILT_PRODUCTS_DIR; };
		D83FBADC26D4E51A0014B7F6 /* projectEUITests.swift */ = {isa = PBXFileReference; lastKnownFileType = sourcecode.swift; path = projectEUITests.swift; sourceTree = "<group>"; };
		D83FBADE26D4E51A0014B7F6 /* Info.plist */ = {isa = PBXFileReference; lastKnownFileType = text.plist.xml; path = Info.plist; sourceTree = "<group>"; };
/* End PBXFileReference section */

/* Begin PBXFrameworksBuildPhase section */
		D83FBAB426D4E51A0014B7F6 /* Frameworks */ = {
			isa = PBXFrameworksBuildPhase;
			buildActionMask = 2147483647;
			files = (
			);
			runOnlyForDeploymentPostprocessing = 0;
		};
		D83FBACA26D4E51A0014B7F6 /* Frameworks */ = {
			isa = PBXFrameworksBuildPhase;
			buildActionMask = 2147483647;
			files = (
			);
			runOnlyForDeploymentPostprocessing = 0;
		};
		D83FBAD526D4E51A0014B7F6 /* Frameworks */ = {
			isa = PBXFrameworksBuildPhase;
			buildActionMask = 2147483647;
			files = (
			);
			runOnlyForDeploymentPostprocessing = 0;
		};
/* End PBXFrameworksBuildPhase section */

/* Begin PBXGroup section */
		D83FBAAE26D4E51A0014B7F6 = {
			isa = PBXGroup;
			children = (
				D83FBAB926D4E51A0014B7F6 /* projectE */,
				D83FBAD026D4E51A0014B7F6 /* projectETests */,
				D83FBADB26D4E51A0014B7F6 /* projectEUITests */,
				D83FBAB826D4E51A0014B7F6 /* Products */,
			);
			sourceTree = "<group>";
		};
		D83FBAB826D4E51A0014B7F6 /* Products */ = {
			isa = PBXGroup;
			children = (
				D83FBAB726D4E51A0014B7F6 /* projectE.app */,
				D83FBACD26D4E51A0014B7F6 /* projectETests.xctest */,
				D83FBAD826D4E51A0014B7F6 /* projectEUITests.xctest */,
			);
			name = Products;
			sourceTree = "<group>";
		};
		D83FBAB926D4E51A0014B7F6 /* projectE */ = {
			isa = PBXGroup;
			children = (
				D83FBABA26D4E51A0014B7F6 /* AppDelegate.swift */,
				D83FBABC26D4E51A0014B7F6 /* SceneDelegate.swift */,
				D83FBABE26D4E51A0014B7F6 /* ViewController.swift */,
				D83FBAC026D4E51A0014B7F6 /* Main.storyboard */,
				D83FBAC326D4E51A0014B7F6 /* Assets.xcassets */,
				D83FBAC526D4E51A0014B7F6 /* LaunchScreen.storyboard */,
				D83FBAC826D4E51A0014B7F6 /* Info.plist */,
			);
			path = projectE;
			sourceTree = "<group>";
		};
		D83FBAD026D4E51A0014B7F6 /* projectETests */ = {
			isa = PBXGroup;
			children = (
				D83FBAD126D4E51A0014B7F6 /* projectETests.swift */,
				D83FBAD326D4E51A0014B7F6 /* Info.plist */,
			);
			path = projectETests;
			sourceTree = "<group>";
		};
		D83FBADB26D4E51A0014B7F6 /* projectEUITests */ = {
			isa = PBXGroup;
			children = (
				D83FBADC26D4E51A0014B7F6 /* projectEUITests.swift */,
				D83FBADE26D4E51A0014B7F6 /* Info.plist */,
			);
			path = projectEUITests;
			sourceTree = "<group>";
		};
/* End PBXGroup section */

/* Begin PBXNativeTarget section */
		D83FBAB626D4E51A0014B7F6 /* projectE */ = {
			isa = PBXNativeTarget;
			buildConfigurationList = D83FBAE126D4E51A0014B7F6 /* Build configuration list for PBXNativeTarget "projectE" */;
			buildPhases = (
				D83FBAB326D4E51A0014B7F6 /* Sources */,
				D83FBAB426D4E51A0014B7F6 /* Frameworks */,
				D83FBAB526D4E51A0014B7F6 /* Resources */,
			);
			buildRules = (
			);
			dependencies = (
			);
			name = projectE;
			productName = projectE;
			productReference = D83FBAB726D4E51A0014B7F6 /* projectE.app */;
			productType = "com.apple.product-type.application";
		};
		D83FBACC26D4E51A0014B7F6 /* projectETests */ = {
			isa = PBXNativeTarget;
			buildConfigurationList = D83FBAE426D4E51A0014B7F6 /* Build configuration list for PBXNativeTarget "projectETests" */;
			buildPhases = (
				D83FBAC926D4E51A0014B7F6 /* Sources */,
				D83FBACA26D4E51A0014B7F6 /* Frameworks */,
				D83FBACB26D4E51A0014B7F6 /* Resources */,
			);
			buildRules = (
			);
			dependencies = (
				D83FBACF26D4E51A0014B7F6 /* PBXTargetDependency */,
			);
			name = projectETests;
			productName = projectETests;
			productReference = D83FBACD26D4E51A0014B7F6 /* projectETests.xctest */;
			productType = "com.apple.product-type.bundle.unit-test";
		};
		D83FBAD726D4E51A0014B7F6 /* projectEUITests */ = {
			isa = PBXNativeTarget;
			buildConfigurationList = D83FBAE726D4E51A0014B7F6 /* Build configuration list for PBXNativeTarget "projectEUITests" */;
			buildPhases = (
				D83FBAD426D4E51A0014B7F6 /* Sources */,
				D83FBAD526D4E51A0014B7F6 /* Frameworks */,
				D83FBAD626D4E51A0014B7F6 /* Resources */,
			);
			buildRules = (
			);
			dependencies = (
				D83FBADA26D4E51A0014B7F6 /* PBXTargetDependency */,
			);
			name = projectEUITests;
			productName = projectEUITests;
			productReference = D83FBAD826D4E51A0014B7F6 /* projectEUITests.xctest */;
			productType = "com.apple.product-type.bundle.ui-testing";
		};
/* End PBXNativeTarget section */

/* Begin PBXProject section */
		D83FBAAF26D4E51A0014B7F6 /* Project object */ = {
			isa = PBXProject;
			attributes = {
				LastSwiftUpdateCheck = 1250;
				LastUpgradeCheck = 1250;
				TargetAttributes = {
					D83FBAB626D4E51A0014B7F6 = {
						CreatedOnToolsVersion = 12.5.1;
					};
					D83FBACC26D4E51A0014B7F6 = {
						CreatedOnToolsVersion = 12.5.1;
						TestTargetID = D83FBAB626D4E51A0014B7F6;
					};
					D83FBAD726D4E51A0014B7F6 = {
						CreatedOnToolsVersion = 12.5.1;
						TestTargetID = D83FBAB626D4E51A0014B7F6;
					};
				};
			};
			buildConfigurationList = D83FBAB226D4E51A0014B7F6 /* Build configuration list for PBXProject "projectE" */;
			compatibilityVersion = "Xcode 9.3";
			developmentRegion = en;
			hasScannedForEncodings = 0;
			knownRegions = (
				en,
				Base,
			);
			mainGroup = D83FBAAE26D4E51A0014B7F6;
			productRefGroup = D83FBAB826D4E51A0014B7F6 /* Products */;
			projectDirPath = "";
			projectRoot = "";
			targets = (
				D83FBAB626D4E51A0014B7F6 /* projectE */,
				D83FBACC26D4E51A0014B7F6 /* projectETests */,
				D83FBAD726D4E51A0014B7F6 /* projectEUITests */,
			);
		};
/* End PBXProject section */

/* Begin PBXResourcesBuildPhase section */
		D83FBAB526D4E51A0014B7F6 /* Resources */ = {
			isa = PBXResourcesBuildPhase;
			buildActionMask = 2147483647;
			files = (
				D83FBAC726D4E51A0014B7F6 /* LaunchScreen.storyboard in Resources */,
				D83FBAC426D4E51A0014B7F6 /* Assets.xcassets in Resources */,
				D83FBAC226D4E51A0014B7F6 /* Main.storyboard in Resources */,
			);
			runOnlyForDeploymentPostprocessing = 0;
		};
		D83FBACB26D4E51A0014B7F6 /* Resources */ = {
			isa = PBXResourcesBuildPhase;
			buildActionMask = 2147483647;
			files = (
			);
			runOnlyForDeploymentPostprocessing = 0;
		};
		D83FBAD626D4E51A0014B7F6 /* Resources */ = {
			isa = PBXResourcesBuildPhase;
			buildActionMask = 2147483647;
			files = (
			);
			runOnlyForDeploymentPostprocessing = 0;
		};
/* End PBXResourcesBuildPhase section */

/* Begin PBXSourcesBuildPhase section */
		D83FBAB326D4E51A0014B7F6 /* Sources */ = {
			isa = PBXSourcesBuildPhase;
			buildActionMask = 2147483647;
			files = (
				D83FBABF26D4E51A0014B7F6 /* ViewController.swift in Sources */,
				D83FBABB26D4E51A0014B7F6 /* AppDelegate.swift in Sources */,
				D83FBABD26D4E51A0014B7F6 /* SceneDelegate.swift in Sources */,
			);
			runOnlyForDeploymentPostprocessing = 0;
		};
		D83FBAC926D4E51A0014B7F6 /* Sources */ = {
			isa = PBXSourcesBuildPhase;
			buildActionMask = 2147483647;
			files = (
				D83FBAD226D4E51A0014B7F6 /* projectETests.swift in Sources */,
			);
			runOnlyForDeploymentPostprocessing = 0;
		};
		D83FBAD426D4E51A0014B7F6 /* Sources */ = {
			isa = PBXSourcesBuildPhase;
			buildActionMask = 2147483647;
			files = (
				D83FBADD26D4E51A0014B7F6 /* projectEUITests.swift in Sources */,
			);
			runOnlyForDeploymentPostprocessing = 0;
		};
/* End PBXSourcesBuildPhase section */

/* Begin PBXTargetDependency section */
		D83FBACF26D4E51A0014B7F6 /* PBXTargetDependency */ = {
			isa = PBXTargetDependency;
			target = D83FBAB626D4E51A0014B7F6 /* projectE */;
			targetProxy = D83FBACE26D4E51A0014B7F6 /* PBXContainerItemProxy */;
		};
		D83FBADA26D4E51A0014B7F6 /* PBXTargetDependency */ = {
			isa = PBXTargetDependency;
			target = D83FBAB626D4E51A0014B7F6 /* projectE */;
			targetProxy = D83FBAD926D4E51A0014B7F6 /* PBXContainerItemProxy */;
		};
/* End PBXTargetDependency section */

/* Begin PBXVariantGroup section */
		D83FBAC026D4E51A0014B7F6 /* Main.storyboard */ = {
			isa = PBXVariantGroup;
			children = (
				D83FBAC126D4E51A0014B7F6 /* Base */,
			);
			name = Main.storyboard;
			sourceTree = "<group>";
		};
		D83FBAC526D4E51A0014B7F6 /* LaunchScreen.storyboard */ = {
			isa = PBXVariantGroup;
			children = (
				D83FBAC626D4E51A0014B7F6 /* Base */,
			);
			name = LaunchScreen.storyboard;
			sourceTree = "<group>";
		};
/* End PBXVariantGroup section */

/* Begin XCBuildConfiguration section */
		D83FBADF26D4E51A0014B7F6 /* Debug */ = {
			isa = XCBuildConfiguration;
			buildSettings = {
				ALWAYS_SEARCH_USER_PATHS = NO;
				CLANG_ANALYZER_NONNULL = YES;
				CLANG_ANALYZER_NUMBER_OBJECT_CONVERSION = YES_AGGRESSIVE;
				CLANG_CXX_LANGUAGE_STANDARD = "gnu++14";
				CLANG_CXX_LIBRARY = "libc++";
				CLANG_ENABLE_MODULES = YES;
				CLANG_ENABLE_OBJC_ARC = YES;
				CLANG_ENABLE_OBJC_WEAK = YES;
				CLANG_WARN_BLOCK_CAPTURE_AUTORELEASING = YES;
				CLANG_WARN_BOOL_CONVERSION = YES;
				CLANG_WARN_COMMA = YES;
				CLANG_WARN_CONSTANT_CONVERSION = YES;
				CLANG_WARN_DEPRECATED_OBJC_IMPLEMENTATIONS = YES;
				CLANG_WARN_DIRECT_OBJC_ISA_USAGE = YES_ERROR;
				CLANG_WARN_DOCUMENTATION_COMMENTS = YES;
				CLANG_WARN_EMPTY_BODY = YES;
				CLANG_WARN_ENUM_CONVERSION = YES;
				CLANG_WARN_INFINITE_RECURSION = YES;
				CLANG_WARN_INT_CONVERSION = YES;
				CLANG_WARN_NON_LITERAL_NULL_CONVERSION = YES;
				CLANG_WARN_OBJC_IMPLICIT_RETAIN_SELF = YES;
				CLANG_WARN_OBJC_LITERAL_CONVERSION = YES;
				CLANG_WARN_OBJC_ROOT_CLASS = YES_ERROR;
				CLANG_WARN_QUOTED_INCLUDE_IN_FRAMEWORK_HEADER = YES;
				CLANG_WARN_RANGE_LOOP_ANALYSIS = YES;
				CLANG_WARN_STRICT_PROTOTYPES = YES;
				CLANG_WARN_SUSPICIOUS_MOVE = YES;
				CLANG_WARN_UNGUARDED_AVAILABILITY = YES_AGGRESSIVE;
				CLANG_WARN_UNREACHABLE_CODE = YES;
				CLANG_WARN__DUPLICATE_METHOD_MATCH = YES;
				COPY_PHASE_STRIP = NO;
				DEBUG_INFORMATION_FORMAT = dwarf;
				ENABLE_STRICT_OBJC_MSGSEND = YES;
				ENABLE_TESTABILITY = YES;
				GCC_C_LANGUAGE_STANDARD = gnu11;
				GCC_DYNAMIC_NO_PIC = NO;
				GCC_NO_COMMON_BLOCKS = YES;
				GCC_OPTIMIZATION_LEVEL = 0;
				GCC_PREPROCESSOR_DEFINITIONS = (
					"DEBUG=1",
					"$(inherited)",
				);
				GCC_WARN_64_TO_32_BIT_CONVERSION = YES;
				GCC_WARN_ABOUT_RETURN_TYPE = YES_ERROR;
				GCC_WARN_UNDECLARED_SELECTOR = YES;
				GCC_WARN_UNINITIALIZED_AUTOS = YES_AGGRESSIVE;
				GCC_WARN_UNUSED_FUNCTION = YES;
				GCC_WARN_UNUSED_VARIABLE = YES;
				IPHONEOS_DEPLOYMENT_TARGET = 14.5;
				MTL_ENABLE_DEBUG_INFO = INCLUDE_SOURCE;
				MTL_FAST_MATH = YES;
				ONLY_ACTIVE_ARCH = YES;
				SDKROOT = iphoneos;
				SWIFT_ACTIVE_COMPILATION_CONDITIONS = DEBUG;
				SWIFT_OPTIMIZATION_LEVEL = "-Onone";
			};
			name = Debug;
		};
		D83FBAE026D4E51A0014B7F6 /* Release */ = {
			isa = XCBuildConfiguration;
			buildSettings = {
				ALWAYS_SEARCH_USER_PATHS = NO;
				CLANG_ANALYZER_NONNULL = YES;
				CLANG_ANALYZER_NUMBER_OBJECT_CONVERSION = YES_AGGRESSIVE;
				CLANG_CXX_LANGUAGE_STANDARD = "gnu++14";
				CLANG_CXX_LIBRARY = "libc++";
				CLANG_ENABLE_MODULES = YES;
				CLANG_ENABLE_OBJC_ARC = YES;
				CLANG_ENABLE_OBJC_WEAK = YES;
				CLANG_WARN_BLOCK_CAPTURE_AUTORELEASING = YES;
				CLANG_WARN_BOOL_CONVERSION = YES;
				CLANG_WARN_COMMA = YES;
				CLANG_WARN_CONSTANT_CONVERSION = YES;
				CLANG_WARN_DEPRECATED_OBJC_IMPLEMENTATIONS = YES;
				CLANG_WARN_DIRECT_OBJC_ISA_USAGE = YES_ERROR;
				CLANG_WARN_DOCUMENTATION_COMMENTS = YES;
				CLANG_WARN_EMPTY_BODY = YES;
				CLANG_WARN_ENUM_CONVERSION = YES;
				CLANG_WARN_INFINITE_RECURSION = YES;
				CLANG_WARN_INT_CONVERSION = YES;
				CLANG_WARN_NON_LITERAL_NULL_CONVERSION = YES;
				CLANG_WARN_OBJC_IMPLICIT_RETAIN_SELF = YES;
				CLANG_WARN_OBJC_LITERAL_CONVERSION = YES;
				CLANG_WARN_OBJC_ROOT_CLASS = YES_ERROR;
				CLANG_WARN_QUOTED_INCLUDE_IN_FRAMEWORK_HEADER = YES;
				CLANG_WARN_RANGE_LOOP_ANALYSIS = YES;
				CLANG_WARN_STRICT_PROTOTYPES = YES;
				CLANG_WARN_SUSPICIOUS_MOVE = YES;
				CLANG_WARN_UNGUARDED_AVAILABILITY = YES_AGGRESSIVE;
				CLANG_WARN_UNREACHABLE_CODE = YES;
				CLANG_WARN__DUPLICATE_METHOD_MATCH = YES;
				COPY_PHASE_STRIP = NO;
				DEBUG_INFORMATION_FORMAT = "dwarf-with-dsym";
				ENABLE_NS_ASSERTIONS = NO;
				ENABLE_STRICT_OBJC_MSGSEND = YES;
				GCC_C_LANGUAGE_STANDARD = gnu11;
				GCC_NO_COMMON_BLOCKS = YES;
				GCC_WARN_64_TO_32_BIT_CONVERSION = YES;
				GCC_WARN_ABOUT_RETURN_TYPE = YES_ERROR;
				GCC_WARN_UNDECLARED_SELECTOR = YES;
				GCC_WARN_UNINITIALIZED_AUTOS = YES_AGGRESSIVE;
				GCC_WARN_UNUSED_FUNCTION = YES;
				GCC_WARN_UNUSED_VARIABLE = YES;
				IPHONEOS_DEPLOYMENT_TARGET = 14.5;
				MTL_ENABLE_DEBUG_INFO = NO;
				MTL_FAST_MATH = YES;
				SDKROOT = iphoneos;
				SWIFT_COMPILATION_MODE = wholemodule;
				SWIFT_OPTIMIZATION_LEVEL = "-O";
				VALIDATE_PRODUCT = YES;
			};
			name = Release;
		};
		D83FBAE226D4E51A0014B7F6 /* Debug */ = {
			isa = XCBuildConfiguration;
			buildSettings = {
				ASSETCATALOG_COMPILER_APPICON_NAME = AppIcon;
				ASSETCATALOG_COMPILER_GLOBAL_ACCENT_COLOR_NAME = AccentColor;
				CODE_SIGN_STYLE = Automatic;
				INFOPLIST_FILE = projectE/Info.plist;
				LD_RUNPATH_SEARCH_PATHS = (
					"$(inherited)",
					"@executable_path/Frameworks",
				);
				PRODUCT_BUNDLE_IDENTIFIER = projectE.projectE;
				PRODUCT_NAME = "$(TARGET_NAME)";
				SWIFT_VERSION = 5.0;
				TARGETED_DEVICE_FAMILY = 1;
			};
			name = Debug;
		};
		D83FBAE326D4E51A0014B7F6 /* Release */ = {
			isa = XCBuildConfiguration;
			buildSettings = {
				ASSETCATALOG_COMPILER_APPICON_NAME = AppIcon;
				ASSETCATALOG_COMPILER_GLOBAL_ACCENT_COLOR_NAME = AccentColor;
				CODE_SIGN_STYLE = Automatic;
				INFOPLIST_FILE = projectE/Info.plist;
				LD_RUNPATH_SEARCH_PATHS = (
					"$(inherited)",
					"@executable_path/Frameworks",
				);
				PRODUCT_BUNDLE_IDENTIFIER = projectE.projectE;
				PRODUCT_NAME = "$(TARGET_NAME)";
				SWIFT_VERSION = 5.0;
				TARGETED_DEVICE_FAMILY = 1;
			};
			name = Release;
		};
		D83FBAE526D4E51A0014B7F6 /* Debug */ = {
			isa = XCBuildConfiguration;
			buildSettings = {
				ALWAYS_EMBED_SWIFT_STANDARD_LIBRARIES = YES;
				BUNDLE_LOADER = "$(TEST_HOST)";
				CODE_SIGN_STYLE = Automatic;
				INFOPLIST_FILE = projectETests/Info.plist;
				IPHONEOS_DEPLOYMENT_TARGET = 14.5;
				LD_RUNPATH_SEARCH_PATHS = (
					"$(inherited)",
					"@executable_path/Frameworks",
					"@loader_path/Frameworks",
				);
				PRODUCT_BUNDLE_IDENTIFIER = projectE.projectETests;
				PRODUCT_NAME = "$(TARGET_NAME)";
				SWIFT_VERSION = 5.0;
				TARGETED_DEVICE_FAMILY = "1,2";
				TEST_HOST = "$(BUILT_PRODUCTS_DIR)/projectE.app/projectE";
			};
			name = Debug;
		};
		D83FBAE626D4E51A0014B7F6 /* Release */ = {
			isa = XCBuildConfiguration;
			buildSettings = {
				ALWAYS_EMBED_SWIFT_STANDARD_LIBRARIES = YES;
				BUNDLE_LOADER = "$(TEST_HOST)";
				CODE_SIGN_STYLE = Automatic;
				INFOPLIST_FILE = projectETests/Info.plist;
				IPHONEOS_DEPLOYMENT_TARGET = 14.5;
				LD_RUNPATH_SEARCH_PATHS = (
					"$(inherited)",
					"@executable_path/Frameworks",
					"@loader_path/Frameworks",
				);
				PRODUCT_BUNDLE_IDENTIFIER = projectE.projectETests;
				PRODUCT_NAME = "$(TARGET_NAME)";
				SWIFT_VERSION = 5.0;
				TARGETED_DEVICE_FAMILY = "1,2";
				TEST_HOST = "$(BUILT_PRODUCTS_DIR)/projectE.app/projectE";
			};
			name = Release;
		};
		D83FBAE826D4E51A0014B7F6 /* Debug */ = {
			isa = XCBuildConfiguration;
			buildSettings = {
				ALWAYS_EMBED_SWIFT_STANDARD_LIBRARIES = YES;
				CODE_SIGN_STYLE = Automatic;
				INFOPLIST_FILE = projectEUITests/Info.plist;
				LD_RUNPATH_SEARCH_PATHS = (
					"$(inherited)",
					"@executable_path/Frameworks",
					"@loader_path/Frameworks",
				);
				PRODUCT_BUNDLE_IDENTIFIER = projectE.projectEUITests;
				PRODUCT_NAME = "$(TARGET_NAME)";
				SWIFT_VERSION = 5.0;
				TARGETED_DEVICE_FAMILY = "1,2";
				TEST_TARGET_NAME = projectE;
			};
			name = Debug;
		};
		D83FBAE926D4E51A0014B7F6 /* Release */ = {
			isa = XCBuildConfiguration;
			buildSettings = {
				ALWAYS_EMBED_SWIFT_STANDARD_LIBRARIES = YES;
				CODE_SIGN_STYLE = Automatic;
				INFOPLIST_FILE = projectEUITests/Info.plist;
				LD_RUNPATH_SEARCH_PATHS = (
					"$(inherited)",
					"@executable_path/Frameworks",
					"@loader_path/Frameworks",
				);
				PRODUCT_BUNDLE_IDENTIFIER = projectE.projectEUITests;
				PRODUCT_NAME = "$(TARGET_NAME)";
				SWIFT_VERSION = 5.0;
				TARGETED_DEVICE_FAMILY = "1,2";
				TEST_TARGET_NAME = projectE;
			};
			name = Release;
		};
/* End XCBuildConfiguration section */

/* Begin XCConfigurationList section */
		D83FBAB226D4E51A0014B7F6 /* Build configuration list for PBXProject "projectE" */ = {
			isa = XCConfigurationList;
			buildConfigurations = (
				D83FBADF26D4E51A0014B7F6 /* Debug */,
				D83FBAE026D4E51A0014B7F6 /* Release */,
			);
			defaultConfigurationIsVisible = 0;
			defaultConfigurationName = Release;
		};
		D83FBAE126D4E51A0014B7F6 /* Build configuration list for PBXNativeTarget "projectE" */ = {
			isa = XCConfigurationList;
			buildConfigurations = (
				D83FBAE226D4E51A0014B7F6 /* Debug */,
				D83FBAE326D4E51A0014B7F6 /* Release */,
			);
			defaultConfigurationIsVisible = 0;
			defaultConfigurationName = Release;
		};
		D83FBAE426D4E51A0014B7F6 /* Build configuration list for PBXNativeTarget "projectETests" */ = {
			isa = XCConfigurationList;
			buildConfigurations = (
				D83FBAE526D4E51A0014B7F6 /* Debug */,
				D83FBAE626D4E51A0014B7F6 /* Release */,
			);
			defaultConfigurationIsVisible = 0;
			defaultConfigurationName = Release;
		};
		D83FBAE726D4E51A0014B7F6 /* Build configuration list for PBXNativeTarget "projectEUITests" */ = {
			isa = XCConfigurationList;
			buildConfigurations = (
				D83FBAE826D4E51A0014B7F6 /* Debug */,
				D83FBAE926D4E51A0014B7F6 /* Release */,
			);
			defaultConfigurationIsVisible = 0;
			defaultConfigurationName = Release;
		};
/* End XCConfigurationList section */
	};
	rootObject = D83FBAAF26D4E51A0014B7F6 /* Project object */;
}
