// !$*UTF8*$!
{
	archiveVersion = 1;
	classes = {
	};
	objectVersion = 50;
	objects = {

/* Begin PBXBuildFile section */
		D83457F926D4D352005A1D6E /* AppDelegate.swift in Sources */ = {isa = PBXBuildFile; fileRef = D83457F826D4D352005A1D6E /* AppDelegate.swift */; };
		D83457FB26D4D352005A1D6E /* SceneDelegate.swift in Sources */ = {isa = PBXBuildFile; fileRef = D83457FA26D4D352005A1D6E /* SceneDelegate.swift */; };
		D83457FD26D4D352005A1D6E /* ViewController.swift in Sources */ = {isa = PBXBuildFile; fileRef = D83457FC26D4D352005A1D6E /* ViewController.swift */; };
		D834580026D4D352005A1D6E /* Main.storyboard in Resources */ = {isa = PBXBuildFile; fileRef = D83457FE26D4D352005A1D6E /* Main.storyboard */; };
		D834580226D4D353005A1D6E /* Assets.xcassets in Resources */ = {isa = PBXBuildFile; fileRef = D834580126D4D353005A1D6E /* Assets.xcassets */; };
		D834580526D4D353005A1D6E /* LaunchScreen.storyboard in Resources */ = {isa = PBXBuildFile; fileRef = D834580326D4D353005A1D6E /* LaunchScreen.storyboard */; };
		D834581026D4D353005A1D6E /* practiceTests.swift in Sources */ = {isa = PBXBuildFile; fileRef = D834580F26D4D353005A1D6E /* practiceTests.swift */; };
		D834581B26D4D353005A1D6E /* practiceUITests.swift in Sources */ = {isa = PBXBuildFile; fileRef = D834581A26D4D353005A1D6E /* practiceUITests.swift */; };
/* End PBXBuildFile section */

/* Begin PBXContainerItemProxy section */
		D834580C26D4D353005A1D6E /* PBXContainerItemProxy */ = {
			isa = PBXContainerItemProxy;
			containerPortal = D83457ED26D4D351005A1D6E /* Project object */;
			proxyType = 1;
			remoteGlobalIDString = D83457F426D4D351005A1D6E;
			remoteInfo = practice;
		};
		D834581726D4D353005A1D6E /* PBXContainerItemProxy */ = {
			isa = PBXContainerItemProxy;
			containerPortal = D83457ED26D4D351005A1D6E /* Project object */;
			proxyType = 1;
			remoteGlobalIDString = D83457F426D4D351005A1D6E;
			remoteInfo = practice;
		};
/* End PBXContainerItemProxy section */

/* Begin PBXFileReference section */
		D83457F526D4D352005A1D6E /* practice.app */ = {isa = PBXFileReference; explicitFileType = wrapper.application; includeInIndex = 0; path = practice.app; sourceTree = BUILT_PRODUCTS_DIR; };
		D83457F826D4D352005A1D6E /* AppDelegate.swift */ = {isa = PBXFileReference; lastKnownFileType = sourcecode.swift; path = AppDelegate.swift; sourceTree = "<group>"; };
		D83457FA26D4D352005A1D6E /* SceneDelegate.swift */ = {isa = PBXFileReference; lastKnownFileType = sourcecode.swift; path = SceneDelegate.swift; sourceTree = "<group>"; };
		D83457FC26D4D352005A1D6E /* ViewController.swift */ = {isa = PBXFileReference; lastKnownFileType = sourcecode.swift; path = ViewController.swift; sourceTree = "<group>"; };
		D83457FF26D4D352005A1D6E /* Base */ = {isa = PBXFileReference; lastKnownFileType = file.storyboard; name = Base; path = Base.lproj/Main.storyboard; sourceTree = "<group>"; };
		D834580126D4D353005A1D6E /* Assets.xcassets */ = {isa = PBXFileReference; lastKnownFileType = folder.assetcatalog; path = Assets.xcassets; sourceTree = "<group>"; };
		D834580426D4D353005A1D6E /* Base */ = {isa = PBXFileReference; lastKnownFileType = file.storyboard; name = Base; path = Base.lproj/LaunchScreen.storyboard; sourceTree = "<group>"; };
		D834580626D4D353005A1D6E /* Info.plist */ = {isa = PBXFileReference; lastKnownFileType = text.plist.xml; path = Info.plist; sourceTree = "<group>"; };
		D834580B26D4D353005A1D6E /* practiceTests.xctest */ = {isa = PBXFileReference; explicitFileType = wrapper.cfbundle; includeInIndex = 0; path = practiceTests.xctest; sourceTree = BUILT_PRODUCTS_DIR; };
		D834580F26D4D353005A1D6E /* practiceTests.swift */ = {isa = PBXFileReference; lastKnownFileType = sourcecode.swift; path = practiceTests.swift; sourceTree = "<group>"; };
		D834581126D4D353005A1D6E /* Info.plist */ = {isa = PBXFileReference; lastKnownFileType = text.plist.xml; path = Info.plist; sourceTree = "<group>"; };
		D834581626D4D353005A1D6E /* practiceUITests.xctest */ = {isa = PBXFileReference; explicitFileType = wrapper.cfbundle; includeInIndex = 0; path = practiceUITests.xctest; sourceTree = BUILT_PRODUCTS_DIR; };
		D834581A26D4D353005A1D6E /* practiceUITests.swift */ = {isa = PBXFileReference; lastKnownFileType = sourcecode.swift; path = practiceUITests.swift; sourceTree = "<group>"; };
		D834581C26D4D353005A1D6E /* Info.plist */ = {isa = PBXFileReference; lastKnownFileType = text.plist.xml; path = Info.plist; sourceTree = "<group>"; };
/* End PBXFileReference section */

/* Begin PBXFrameworksBuildPhase section */
		D83457F226D4D351005A1D6E /* Frameworks */ = {
			isa = PBXFrameworksBuildPhase;
			buildActionMask = 2147483647;
			files = (
			);
			runOnlyForDeploymentPostprocessing = 0;
		};
		D834580826D4D353005A1D6E /* Frameworks */ = {
			isa = PBXFrameworksBuildPhase;
			buildActionMask = 2147483647;
			files = (
			);
			runOnlyForDeploymentPostprocessing = 0;
		};
		D834581326D4D353005A1D6E /* Frameworks */ = {
			isa = PBXFrameworksBuildPhase;
			buildActionMask = 2147483647;
			files = (
			);
			runOnlyForDeploymentPostprocessing = 0;
		};
/* End PBXFrameworksBuildPhase section */

/* Begin PBXGroup section */
		D83457EC26D4D351005A1D6E = {
			isa = PBXGroup;
			children = (
				D83457F726D4D352005A1D6E /* practice */,
				D834580E26D4D353005A1D6E /* practiceTests */,
				D834581926D4D353005A1D6E /* practiceUITests */,
				D83457F626D4D352005A1D6E /* Products */,
			);
			sourceTree = "<group>";
		};
		D83457F626D4D352005A1D6E /* Products */ = {
			isa = PBXGroup;
			children = (
				D83457F526D4D352005A1D6E /* practice.app */,
				D834580B26D4D353005A1D6E /* practiceTests.xctest */,
				D834581626D4D353005A1D6E /* practiceUITests.xctest */,
			);
			name = Products;
			sourceTree = "<group>";
		};
		D83457F726D4D352005A1D6E /* practice */ = {
			isa = PBXGroup;
			children = (
				D83457F826D4D352005A1D6E /* AppDelegate.swift */,
				D83457FA26D4D352005A1D6E /* SceneDelegate.swift */,
				D83457FC26D4D352005A1D6E /* ViewController.swift */,
				D83457FE26D4D352005A1D6E /* Main.storyboard */,
				D834580126D4D353005A1D6E /* Assets.xcassets */,
				D834580326D4D353005A1D6E /* LaunchScreen.storyboard */,
				D834580626D4D353005A1D6E /* Info.plist */,
			);
			path = practice;
			sourceTree = "<group>";
		};
		D834580E26D4D353005A1D6E /* practiceTests */ = {
			isa = PBXGroup;
			children = (
				D834580F26D4D353005A1D6E /* practiceTests.swift */,
				D834581126D4D353005A1D6E /* Info.plist */,
			);
			path = practiceTests;
			sourceTree = "<group>";
		};
		D834581926D4D353005A1D6E /* practiceUITests */ = {
			isa = PBXGroup;
			children = (
				D834581A26D4D353005A1D6E /* practiceUITests.swift */,
				D834581C26D4D353005A1D6E /* Info.plist */,
			);
			path = practiceUITests;
			sourceTree = "<group>";
		};
/* End PBXGroup section */

/* Begin PBXNativeTarget section */
		D83457F426D4D351005A1D6E /* practice */ = {
			isa = PBXNativeTarget;
			buildConfigurationList = D834581F26D4D353005A1D6E /* Build configuration list for PBXNativeTarget "practice" */;
			buildPhases = (
				D83457F126D4D351005A1D6E /* Sources */,
				D83457F226D4D351005A1D6E /* Frameworks */,
				D83457F326D4D351005A1D6E /* Resources */,
			);
			buildRules = (
			);
			dependencies = (
			);
			name = practice;
			productName = practice;
			productReference = D83457F526D4D352005A1D6E /* practice.app */;
			productType = "com.apple.product-type.application";
		};
		D834580A26D4D353005A1D6E /* practiceTests */ = {
			isa = PBXNativeTarget;
			buildConfigurationList = D834582226D4D353005A1D6E /* Build configuration list for PBXNativeTarget "practiceTests" */;
			buildPhases = (
				D834580726D4D353005A1D6E /* Sources */,
				D834580826D4D353005A1D6E /* Frameworks */,
				D834580926D4D353005A1D6E /* Resources */,
			);
			buildRules = (
			);
			dependencies = (
				D834580D26D4D353005A1D6E /* PBXTargetDependency */,
			);
			name = practiceTests;
			productName = practiceTests;
			productReference = D834580B26D4D353005A1D6E /* practiceTests.xctest */;
			productType = "com.apple.product-type.bundle.unit-test";
		};
		D834581526D4D353005A1D6E /* practiceUITests */ = {
			isa = PBXNativeTarget;
			buildConfigurationList = D834582526D4D353005A1D6E /* Build configuration list for PBXNativeTarget "practiceUITests" */;
			buildPhases = (
				D834581226D4D353005A1D6E /* Sources */,
				D834581326D4D353005A1D6E /* Frameworks */,
				D834581426D4D353005A1D6E /* Resources */,
			);
			buildRules = (
			);
			dependencies = (
				D834581826D4D353005A1D6E /* PBXTargetDependency */,
			);
			name = practiceUITests;
			productName = practiceUITests;
			productReference = D834581626D4D353005A1D6E /* practiceUITests.xctest */;
			productType = "com.apple.product-type.bundle.ui-testing";
		};
/* End PBXNativeTarget section */

/* Begin PBXProject section */
		D83457ED26D4D351005A1D6E /* Project object */ = {
			isa = PBXProject;
			attributes = {
				LastSwiftUpdateCheck = 1250;
				LastUpgradeCheck = 1250;
				TargetAttributes = {
					D83457F426D4D351005A1D6E = {
						CreatedOnToolsVersion = 12.5.1;
					};
					D834580A26D4D353005A1D6E = {
						CreatedOnToolsVersion = 12.5.1;
						TestTargetID = D83457F426D4D351005A1D6E;
					};
					D834581526D4D353005A1D6E = {
						CreatedOnToolsVersion = 12.5.1;
						TestTargetID = D83457F426D4D351005A1D6E;
					};
				};
			};
			buildConfigurationList = D83457F026D4D351005A1D6E /* Build configuration list for PBXProject "practice" */;
			compatibilityVersion = "Xcode 9.3";
			developmentRegion = en;
			hasScannedForEncodings = 0;
			knownRegions = (
				en,
				Base,
			);
			mainGroup = D83457EC26D4D351005A1D6E;
			productRefGroup = D83457F626D4D352005A1D6E /* Products */;
			projectDirPath = "";
			projectRoot = "";
			targets = (
				D83457F426D4D351005A1D6E /* practice */,
				D834580A26D4D353005A1D6E /* practiceTests */,
				D834581526D4D353005A1D6E /* practiceUITests */,
			);
		};
/* End PBXProject section */

/* Begin PBXResourcesBuildPhase section */
		D83457F326D4D351005A1D6E /* Resources */ = {
			isa = PBXResourcesBuildPhase;
			buildActionMask = 2147483647;
			files = (
				D834580526D4D353005A1D6E /* LaunchScreen.storyboard in Resources */,
				D834580226D4D353005A1D6E /* Assets.xcassets in Resources */,
				D834580026D4D352005A1D6E /* Main.storyboard in Resources */,
			);
			runOnlyForDeploymentPostprocessing = 0;
		};
		D834580926D4D353005A1D6E /* Resources */ = {
			isa = PBXResourcesBuildPhase;
			buildActionMask = 2147483647;
			files = (
			);
			runOnlyForDeploymentPostprocessing = 0;
		};
		D834581426D4D353005A1D6E /* Resources */ = {
			isa = PBXResourcesBuildPhase;
			buildActionMask = 2147483647;
			files = (
			);
			runOnlyForDeploymentPostprocessing = 0;
		};
/* End PBXResourcesBuildPhase section */

/* Begin PBXSourcesBuildPhase section */
		D83457F126D4D351005A1D6E /* Sources */ = {
			isa = PBXSourcesBuildPhase;
			buildActionMask = 2147483647;
			files = (
				D83457FD26D4D352005A1D6E /* ViewController.swift in Sources */,
				D83457F926D4D352005A1D6E /* AppDelegate.swift in Sources */,
				D83457FB26D4D352005A1D6E /* SceneDelegate.swift in Sources */,
			);
			runOnlyForDeploymentPostprocessing = 0;
		};
		D834580726D4D353005A1D6E /* Sources */ = {
			isa = PBXSourcesBuildPhase;
			buildActionMask = 2147483647;
			files = (
				D834581026D4D353005A1D6E /* practiceTests.swift in Sources */,
			);
			runOnlyForDeploymentPostprocessing = 0;
		};
		D834581226D4D353005A1D6E /* Sources */ = {
			isa = PBXSourcesBuildPhase;
			buildActionMask = 2147483647;
			files = (
				D834581B26D4D353005A1D6E /* practiceUITests.swift in Sources */,
			);
			runOnlyForDeploymentPostprocessing = 0;
		};
/* End PBXSourcesBuildPhase section */

/* Begin PBXTargetDependency section */
		D834580D26D4D353005A1D6E /* PBXTargetDependency */ = {
			isa = PBXTargetDependency;
			target = D83457F426D4D351005A1D6E /* practice */;
			targetProxy = D834580C26D4D353005A1D6E /* PBXContainerItemProxy */;
		};
		D834581826D4D353005A1D6E /* PBXTargetDependency */ = {
			isa = PBXTargetDependency;
			target = D83457F426D4D351005A1D6E /* practice */;
			targetProxy = D834581726D4D353005A1D6E /* PBXContainerItemProxy */;
		};
/* End PBXTargetDependency section */

/* Begin PBXVariantGroup section */
		D83457FE26D4D352005A1D6E /* Main.storyboard */ = {
			isa = PBXVariantGroup;
			children = (
				D83457FF26D4D352005A1D6E /* Base */,
			);
			name = Main.storyboard;
			sourceTree = "<group>";
		};
		D834580326D4D353005A1D6E /* LaunchScreen.storyboard */ = {
			isa = PBXVariantGroup;
			children = (
				D834580426D4D353005A1D6E /* Base */,
			);
			name = LaunchScreen.storyboard;
			sourceTree = "<group>";
		};
/* End PBXVariantGroup section */

/* Begin XCBuildConfiguration section */
		D834581D26D4D353005A1D6E /* Debug */ = {
			isa = XCBuildConfiguration;
			buildSettings = {
				ALWAYS_SEARCH_USER_PATHS = NO;
				CLANG_ANALYZER_NONNULL = YES;
				CLANG_ANALYZER_NUMBER_OBJECT_CONVERSION = YES_AGGRESSIVE;
				CLANG_CXX_LANGUAGE_STANDARD = "gnu++14";
				CLANG_CXX_LIBRARY = "libc++";
				CLANG_ENABLE_MODULES = YES;
				CLANG_ENABLE_OBJC_ARC = YES;
				CLANG_ENABLE_OBJC_WEAK = YES;
				CLANG_WARN_BLOCK_CAPTURE_AUTORELEASING = YES;
				CLANG_WARN_BOOL_CONVERSION = YES;
				CLANG_WARN_COMMA = YES;
				CLANG_WARN_CONSTANT_CONVERSION = YES;
				CLANG_WARN_DEPRECATED_OBJC_IMPLEMENTATIONS = YES;
				CLANG_WARN_DIRECT_OBJC_ISA_USAGE = YES_ERROR;
				CLANG_WARN_DOCUMENTATION_COMMENTS = YES;
				CLANG_WARN_EMPTY_BODY = YES;
				CLANG_WARN_ENUM_CONVERSION = YES;
				CLANG_WARN_INFINITE_RECURSION = YES;
				CLANG_WARN_INT_CONVERSION = YES;
				CLANG_WARN_NON_LITERAL_NULL_CONVERSION = YES;
				CLANG_WARN_OBJC_IMPLICIT_RETAIN_SELF = YES;
				CLANG_WARN_OBJC_LITERAL_CONVERSION = YES;
				CLANG_WARN_OBJC_ROOT_CLASS = YES_ERROR;
				CLANG_WARN_QUOTED_INCLUDE_IN_FRAMEWORK_HEADER = YES;
				CLANG_WARN_RANGE_LOOP_ANALYSIS = YES;
				CLANG_WARN_STRICT_PROTOTYPES = YES;
				CLANG_WARN_SUSPICIOUS_MOVE = YES;
				CLANG_WARN_UNGUARDED_AVAILABILITY = YES_AGGRESSIVE;
				CLANG_WARN_UNREACHABLE_CODE = YES;
				CLANG_WARN__DUPLICATE_METHOD_MATCH = YES;
				COPY_PHASE_STRIP = NO;
				DEBUG_INFORMATION_FORMAT = dwarf;
				ENABLE_STRICT_OBJC_MSGSEND = YES;
				ENABLE_TESTABILITY = YES;
				GCC_C_LANGUAGE_STANDARD = gnu11;
				GCC_DYNAMIC_NO_PIC = NO;
				GCC_NO_COMMON_BLOCKS = YES;
				GCC_OPTIMIZATION_LEVEL = 0;
				GCC_PREPROCESSOR_DEFINITIONS = (
					"DEBUG=1",
					"$(inherited)",
				);
				GCC_WARN_64_TO_32_BIT_CONVERSION = YES;
				GCC_WARN_ABOUT_RETURN_TYPE = YES_ERROR;
				GCC_WARN_UNDECLARED_SELECTOR = YES;
				GCC_WARN_UNINITIALIZED_AUTOS = YES_AGGRESSIVE;
				GCC_WARN_UNUSED_FUNCTION = YES;
				GCC_WARN_UNUSED_VARIABLE = YES;
				IPHONEOS_DEPLOYMENT_TARGET = 14.5;
				MTL_ENABLE_DEBUG_INFO = INCLUDE_SOURCE;
				MTL_FAST_MATH = YES;
				ONLY_ACTIVE_ARCH = YES;
				SDKROOT = iphoneos;
				SWIFT_ACTIVE_COMPILATION_CONDITIONS = DEBUG;
				SWIFT_OPTIMIZATION_LEVEL = "-Onone";
			};
			name = Debug;
		};
		D834581E26D4D353005A1D6E /* Release */ = {
			isa = XCBuildConfiguration;
			buildSettings = {
				ALWAYS_SEARCH_USER_PATHS = NO;
				CLANG_ANALYZER_NONNULL = YES;
				CLANG_ANALYZER_NUMBER_OBJECT_CONVERSION = YES_AGGRESSIVE;
				CLANG_CXX_LANGUAGE_STANDARD = "gnu++14";
				CLANG_CXX_LIBRARY = "libc++";
				CLANG_ENABLE_MODULES = YES;
				CLANG_ENABLE_OBJC_ARC = YES;
				CLANG_ENABLE_OBJC_WEAK = YES;
				CLANG_WARN_BLOCK_CAPTURE_AUTORELEASING = YES;
				CLANG_WARN_BOOL_CONVERSION = YES;
				CLANG_WARN_COMMA = YES;
				CLANG_WARN_CONSTANT_CONVERSION = YES;
				CLANG_WARN_DEPRECATED_OBJC_IMPLEMENTATIONS = YES;
				CLANG_WARN_DIRECT_OBJC_ISA_USAGE = YES_ERROR;
				CLANG_WARN_DOCUMENTATION_COMMENTS = YES;
				CLANG_WARN_EMPTY_BODY = YES;
				CLANG_WARN_ENUM_CONVERSION = YES;
				CLANG_WARN_INFINITE_RECURSION = YES;
				CLANG_WARN_INT_CONVERSION = YES;
				CLANG_WARN_NON_LITERAL_NULL_CONVERSION = YES;
				CLANG_WARN_OBJC_IMPLICIT_RETAIN_SELF = YES;
				CLANG_WARN_OBJC_LITERAL_CONVERSION = YES;
				CLANG_WARN_OBJC_ROOT_CLASS = YES_ERROR;
				CLANG_WARN_QUOTED_INCLUDE_IN_FRAMEWORK_HEADER = YES;
				CLANG_WARN_RANGE_LOOP_ANALYSIS = YES;
				CLANG_WARN_STRICT_PROTOTYPES = YES;
				CLANG_WARN_SUSPICIOUS_MOVE = YES;
				CLANG_WARN_UNGUARDED_AVAILABILITY = YES_AGGRESSIVE;
				CLANG_WARN_UNREACHABLE_CODE = YES;
				CLANG_WARN__DUPLICATE_METHOD_MATCH = YES;
				COPY_PHASE_STRIP = NO;
				DEBUG_INFORMATION_FORMAT = "dwarf-with-dsym";
				ENABLE_NS_ASSERTIONS = NO;
				ENABLE_STRICT_OBJC_MSGSEND = YES;
				GCC_C_LANGUAGE_STANDARD = gnu11;
				GCC_NO_COMMON_BLOCKS = YES;
				GCC_WARN_64_TO_32_BIT_CONVERSION = YES;
				GCC_WARN_ABOUT_RETURN_TYPE = YES_ERROR;
				GCC_WARN_UNDECLARED_SELECTOR = YES;
				GCC_WARN_UNINITIALIZED_AUTOS = YES_AGGRESSIVE;
				GCC_WARN_UNUSED_FUNCTION = YES;
				GCC_WARN_UNUSED_VARIABLE = YES;
				IPHONEOS_DEPLOYMENT_TARGET = 14.5;
				MTL_ENABLE_DEBUG_INFO = NO;
				MTL_FAST_MATH = YES;
				SDKROOT = iphoneos;
				SWIFT_COMPILATION_MODE = wholemodule;
				SWIFT_OPTIMIZATION_LEVEL = "-O";
				VALIDATE_PRODUCT = YES;
			};
			name = Release;
		};
		D834582026D4D353005A1D6E /* Debug */ = {
			isa = XCBuildConfiguration;
			buildSettings = {
				ASSETCATALOG_COMPILER_APPICON_NAME = AppIcon;
				ASSETCATALOG_COMPILER_GLOBAL_ACCENT_COLOR_NAME = AccentColor;
				CODE_SIGN_STYLE = Automatic;
				INFOPLIST_FILE = practice/Info.plist;
				LD_RUNPATH_SEARCH_PATHS = (
					"$(inherited)",
					"@executable_path/Frameworks",
				);
				PRODUCT_BUNDLE_IDENTIFIER = practice.practice;
				PRODUCT_NAME = "$(TARGET_NAME)";
				SWIFT_VERSION = 5.0;
				TARGETED_DEVICE_FAMILY = 1;
			};
			name = Debug;
		};
		D834582126D4D353005A1D6E /* Release */ = {
			isa = XCBuildConfiguration;
			buildSettings = {
				ASSETCATALOG_COMPILER_APPICON_NAME = AppIcon;
				ASSETCATALOG_COMPILER_GLOBAL_ACCENT_COLOR_NAME = AccentColor;
				CODE_SIGN_STYLE = Automatic;
				INFOPLIST_FILE = practice/Info.plist;
				LD_RUNPATH_SEARCH_PATHS = (
					"$(inherited)",
					"@executable_path/Frameworks",
				);
				PRODUCT_BUNDLE_IDENTIFIER = practice.practice;
				PRODUCT_NAME = "$(TARGET_NAME)";
				SWIFT_VERSION = 5.0;
				TARGETED_DEVICE_FAMILY = 1;
			};
			name = Release;
		};
		D834582326D4D353005A1D6E /* Debug */ = {
			isa = XCBuildConfiguration;
			buildSettings = {
				ALWAYS_EMBED_SWIFT_STANDARD_LIBRARIES = YES;
				BUNDLE_LOADER = "$(TEST_HOST)";
				CODE_SIGN_STYLE = Automatic;
				INFOPLIST_FILE = practiceTests/Info.plist;
				IPHONEOS_DEPLOYMENT_TARGET = 14.5;
				LD_RUNPATH_SEARCH_PATHS = (
					"$(inherited)",
					"@executable_path/Frameworks",
					"@loader_path/Frameworks",
				);
				PRODUCT_BUNDLE_IDENTIFIER = practice.practiceTests;
				PRODUCT_NAME = "$(TARGET_NAME)";
				SWIFT_VERSION = 5.0;
				TARGETED_DEVICE_FAMILY = "1,2";
				TEST_HOST = "$(BUILT_PRODUCTS_DIR)/practice.app/practice";
			};
			name = Debug;
		};
		D834582426D4D353005A1D6E /* Release */ = {
			isa = XCBuildConfiguration;
			buildSettings = {
				ALWAYS_EMBED_SWIFT_STANDARD_LIBRARIES = YES;
				BUNDLE_LOADER = "$(TEST_HOST)";
				CODE_SIGN_STYLE = Automatic;
				INFOPLIST_FILE = practiceTests/Info.plist;
				IPHONEOS_DEPLOYMENT_TARGET = 14.5;
				LD_RUNPATH_SEARCH_PATHS = (
					"$(inherited)",
					"@executable_path/Frameworks",
					"@loader_path/Frameworks",
				);
				PRODUCT_BUNDLE_IDENTIFIER = practice.practiceTests;
				PRODUCT_NAME = "$(TARGET_NAME)";
				SWIFT_VERSION = 5.0;
				TARGETED_DEVICE_FAMILY = "1,2";
				TEST_HOST = "$(BUILT_PRODUCTS_DIR)/practice.app/practice";
			};
			name = Release;
		};
		D834582626D4D353005A1D6E /* Debug */ = {
			isa = XCBuildConfiguration;
			buildSettings = {
				ALWAYS_EMBED_SWIFT_STANDARD_LIBRARIES = YES;
				CODE_SIGN_STYLE = Automatic;
				INFOPLIST_FILE = practiceUITests/Info.plist;
				LD_RUNPATH_SEARCH_PATHS = (
					"$(inherited)",
					"@executable_path/Frameworks",
					"@loader_path/Frameworks",
				);
				PRODUCT_BUNDLE_IDENTIFIER = practice.practiceUITests;
				PRODUCT_NAME = "$(TARGET_NAME)";
				SWIFT_VERSION = 5.0;
				TARGETED_DEVICE_FAMILY = "1,2";
				TEST_TARGET_NAME = practice;
			};
			name = Debug;
		};
		D834582726D4D353005A1D6E /* Release */ = {
			isa = XCBuildConfiguration;
			buildSettings = {
				ALWAYS_EMBED_SWIFT_STANDARD_LIBRARIES = YES;
				CODE_SIGN_STYLE = Automatic;
				INFOPLIST_FILE = practiceUITests/Info.plist;
				LD_RUNPATH_SEARCH_PATHS = (
					"$(inherited)",
					"@executable_path/Frameworks",
					"@loader_path/Frameworks",
				);
				PRODUCT_BUNDLE_IDENTIFIER = practice.practiceUITests;
				PRODUCT_NAME = "$(TARGET_NAME)";
				SWIFT_VERSION = 5.0;
				TARGETED_DEVICE_FAMILY = "1,2";
				TEST_TARGET_NAME = practice;
			};
			name = Release;
		};
/* End XCBuildConfiguration section */

/* Begin XCConfigurationList section */
		D83457F026D4D351005A1D6E /* Build configuration list for PBXProject "practice" */ = {
			isa = XCConfigurationList;
			buildConfigurations = (
				D834581D26D4D353005A1D6E /* Debug */,
				D834581E26D4D353005A1D6E /* Release */,
			);
			defaultConfigurationIsVisible = 0;
			defaultConfigurationName = Release;
		};
		D834581F26D4D353005A1D6E /* Build configuration list for PBXNativeTarget "practice" */ = {
			isa = XCConfigurationList;
			buildConfigurations = (
				D834582026D4D353005A1D6E /* Debug */,
				D834582126D4D353005A1D6E /* Release */,
			);
			defaultConfigurationIsVisible = 0;
			defaultConfigurationName = Release;
		};
		D834582226D4D353005A1D6E /* Build configuration list for PBXNativeTarget "practiceTests" */ = {
			isa = XCConfigurationList;
			buildConfigurations = (
				D834582326D4D353005A1D6E /* Debug */,
				D834582426D4D353005A1D6E /* Release */,
			);
			defaultConfigurationIsVisible = 0;
			defaultConfigurationName = Release;
		};
		D834582526D4D353005A1D6E /* Build configuration list for PBXNativeTarget "practiceUITests" */ = {
			isa = XCConfigurationList;
			buildConfigurations = (
				D834582626D4D353005A1D6E /* Debug */,
				D834582726D4D353005A1D6E /* Release */,
			);
			defaultConfigurationIsVisible = 0;
			defaultConfigurationName = Release;
		};
/* End XCConfigurationList section */
	};
	rootObject = D83457ED26D4D351005A1D6E /* Project object */;
}
