// !$*UTF8*$!
{
	archiveVersion = 1;
	classes = {
	};
	objectVersion = 50;
	objects = {

/* Begin PBXBuildFile section */
		D83FBA7F26D4E4C20014B7F6 /* AppDelegate.swift in Sources */ = {isa = PBXBuildFile; fileRef = D83FBA7E26D4E4C20014B7F6 /* AppDelegate.swift */; };
		D83FBA8126D4E4C20014B7F6 /* SceneDelegate.swift in Sources */ = {isa = PBXBuildFile; fileRef = D83FBA8026D4E4C20014B7F6 /* SceneDelegate.swift */; };
		D83FBA8326D4E4C20014B7F6 /* ViewController.swift in Sources */ = {isa = PBXBuildFile; fileRef = D83FBA8226D4E4C20014B7F6 /* ViewController.swift */; };
		D83FBA8626D4E4C20014B7F6 /* Main.storyboard in Resources */ = {isa = PBXBuildFile; fileRef = D83FBA8426D4E4C20014B7F6 /* Main.storyboard */; };
		D83FBA8826D4E4C30014B7F6 /* Assets.xcassets in Resources */ = {isa = PBXBuildFile; fileRef = D83FBA8726D4E4C30014B7F6 /* Assets.xcassets */; };
		D83FBA8B26D4E4C30014B7F6 /* LaunchScreen.storyboard in Resources */ = {isa = PBXBuildFile; fileRef = D83FBA8926D4E4C30014B7F6 /* LaunchScreen.storyboard */; };
		D83FBA9626D4E4C30014B7F6 /* projectDTests.swift in Sources */ = {isa = PBXBuildFile; fileRef = D83FBA9526D4E4C30014B7F6 /* projectDTests.swift */; };
		D83FBAA126D4E4C30014B7F6 /* projectDUITests.swift in Sources */ = {isa = PBXBuildFile; fileRef = D83FBAA026D4E4C30014B7F6 /* projectDUITests.swift */; };
/* End PBXBuildFile section */

/* Begin PBXContainerItemProxy section */
		D83FBA9226D4E4C30014B7F6 /* PBXContainerItemProxy */ = {
			isa = PBXContainerItemProxy;
			containerPortal = D83FBA7326D4E4C20014B7F6 /* Project object */;
			proxyType = 1;
			remoteGlobalIDString = D83FBA7A26D4E4C20014B7F6;
			remoteInfo = projectD;
		};
		D83FBA9D26D4E4C30014B7F6 /* PBXContainerItemProxy */ = {
			isa = PBXContainerItemProxy;
			containerPortal = D83FBA7326D4E4C20014B7F6 /* Project object */;
			proxyType = 1;
			remoteGlobalIDString = D83FBA7A26D4E4C20014B7F6;
			remoteInfo = projectD;
		};
/* End PBXContainerItemProxy section */

/* Begin PBXFileReference section */
		D83FBA7B26D4E4C20014B7F6 /* projectD.app */ = {isa = PBXFileReference; explicitFileType = wrapper.application; includeInIndex = 0; path = projectD.app; sourceTree = BUILT_PRODUCTS_DIR; };
		D83FBA7E26D4E4C20014B7F6 /* AppDelegate.swift */ = {isa = PBXFileReference; lastKnownFileType = sourcecode.swift; path = AppDelegate.swift; sourceTree = "<group>"; };
		D83FBA8026D4E4C20014B7F6 /* SceneDelegate.swift */ = {isa = PBXFileReference; lastKnownFileType = sourcecode.swift; path = SceneDelegate.swift; sourceTree = "<group>"; };
		D83FBA8226D4E4C20014B7F6 /* ViewController.swift */ = {isa = PBXFileReference; lastKnownFileType = sourcecode.swift; path = ViewController.swift; sourceTree = "<group>"; };
		D83FBA8526D4E4C20014B7F6 /* Base */ = {isa = PBXFileReference; lastKnownFileType = file.storyboard; name = Base; path = Base.lproj/Main.storyboard; sourceTree = "<group>"; };
		D83FBA8726D4E4C30014B7F6 /* Assets.xcassets */ = {isa = PBXFileReference; lastKnownFileType = folder.assetcatalog; path = Assets.xcassets; sourceTree = "<group>"; };
		D83FBA8A26D4E4C30014B7F6 /* Base */ = {isa = PBXFileReference; lastKnownFileType = file.storyboard; name = Base; path = Base.lproj/LaunchScreen.storyboard; sourceTree = "<group>"; };
		D83FBA8C26D4E4C30014B7F6 /* Info.plist */ = {isa = PBXFileReference; lastKnownFileType = text.plist.xml; path = Info.plist; sourceTree = "<group>"; };
		D83FBA9126D4E4C30014B7F6 /* projectDTests.xctest */ = {isa = PBXFileReference; explicitFileType = wrapper.cfbundle; includeInIndex = 0; path = projectDTests.xctest; sourceTree = BUILT_PRODUCTS_DIR; };
		D83FBA9526D4E4C30014B7F6 /* projectDTests.swift */ = {isa = PBXFileReference; lastKnownFileType = sourcecode.swift; path = projectDTests.swift; sourceTree = "<group>"; };
		D83FBA9726D4E4C30014B7F6 /* Info.plist */ = {isa = PBXFileReference; lastKnownFileType = text.plist.xml; path = Info.plist; sourceTree = "<group>"; };
		D83FBA9C26D4E4C30014B7F6 /* projectDUITests.xctest */ = {isa = PBXFileReference; explicitFileType = wrapper.cfbundle; includeInIndex = 0; path = projectDUITests.xctest; sourceTree = BUILT_PRODUCTS_DIR; };
		D83FBAA026D4E4C30014B7F6 /* projectDUITests.swift */ = {isa = PBXFileReference; lastKnownFileType = sourcecode.swift; path = projectDUITests.swift; sourceTree = "<group>"; };
		D83FBAA226D4E4C30014B7F6 /* Info.plist */ = {isa = PBXFileReference; lastKnownFileType = text.plist.xml; path = Info.plist; sourceTree = "<group>"; };
/* End PBXFileReference section */

/* Begin PBXFrameworksBuildPhase section */
		D83FBA7826D4E4C20014B7F6 /* Frameworks */ = {
			isa = PBXFrameworksBuildPhase;
			buildActionMask = 2147483647;
			files = (
			);
			runOnlyForDeploymentPostprocessing = 0;
		};
		D83FBA8E26D4E4C30014B7F6 /* Frameworks */ = {
			isa = PBXFrameworksBuildPhase;
			buildActionMask = 2147483647;
			files = (
			);
			runOnlyForDeploymentPostprocessing = 0;
		};
		D83FBA9926D4E4C30014B7F6 /* Frameworks */ = {
			isa = PBXFrameworksBuildPhase;
			buildActionMask = 2147483647;
			files = (
			);
			runOnlyForDeploymentPostprocessing = 0;
		};
/* End PBXFrameworksBuildPhase section */

/* Begin PBXGroup section */
		D83FBA7226D4E4C20014B7F6 = {
			isa = PBXGroup;
			children = (
				D83FBA7D26D4E4C20014B7F6 /* projectD */,
				D83FBA9426D4E4C30014B7F6 /* projectDTests */,
				D83FBA9F26D4E4C30014B7F6 /* projectDUITests */,
				D83FBA7C26D4E4C20014B7F6 /* Products */,
			);
			sourceTree = "<group>";
		};
		D83FBA7C26D4E4C20014B7F6 /* Products */ = {
			isa = PBXGroup;
			children = (
				D83FBA7B26D4E4C20014B7F6 /* projectD.app */,
				D83FBA9126D4E4C30014B7F6 /* projectDTests.xctest */,
				D83FBA9C26D4E4C30014B7F6 /* projectDUITests.xctest */,
			);
			name = Products;
			sourceTree = "<group>";
		};
		D83FBA7D26D4E4C20014B7F6 /* projectD */ = {
			isa = PBXGroup;
			children = (
				D83FBA7E26D4E4C20014B7F6 /* AppDelegate.swift */,
				D83FBA8026D4E4C20014B7F6 /* SceneDelegate.swift */,
				D83FBA8226D4E4C20014B7F6 /* ViewController.swift */,
				D83FBA8426D4E4C20014B7F6 /* Main.storyboard */,
				D83FBA8726D4E4C30014B7F6 /* Assets.xcassets */,
				D83FBA8926D4E4C30014B7F6 /* LaunchScreen.storyboard */,
				D83FBA8C26D4E4C30014B7F6 /* Info.plist */,
			);
			path = projectD;
			sourceTree = "<group>";
		};
		D83FBA9426D4E4C30014B7F6 /* projectDTests */ = {
			isa = PBXGroup;
			children = (
				D83FBA9526D4E4C30014B7F6 /* projectDTests.swift */,
				D83FBA9726D4E4C30014B7F6 /* Info.plist */,
			);
			path = projectDTests;
			sourceTree = "<group>";
		};
		D83FBA9F26D4E4C30014B7F6 /* projectDUITests */ = {
			isa = PBXGroup;
			children = (
				D83FBAA026D4E4C30014B7F6 /* projectDUITests.swift */,
				D83FBAA226D4E4C30014B7F6 /* Info.plist */,
			);
			path = projectDUITests;
			sourceTree = "<group>";
		};
/* End PBXGroup section */

/* Begin PBXNativeTarget section */
		D83FBA7A26D4E4C20014B7F6 /* projectD */ = {
			isa = PBXNativeTarget;
			buildConfigurationList = D83FBAA526D4E4C30014B7F6 /* Build configuration list for PBXNativeTarget "projectD" */;
			buildPhases = (
				D83FBA7726D4E4C20014B7F6 /* Sources */,
				D83FBA7826D4E4C20014B7F6 /* Frameworks */,
				D83FBA7926D4E4C20014B7F6 /* Resources */,
			);
			buildRules = (
			);
			dependencies = (
			);
			name = projectD;
			productName = projectD;
			productReference = D83FBA7B26D4E4C20014B7F6 /* projectD.app */;
			productType = "com.apple.product-type.application";
		};
		D83FBA9026D4E4C30014B7F6 /* projectDTests */ = {
			isa = PBXNativeTarget;
			buildConfigurationList = D83FBAA826D4E4C30014B7F6 /* Build configuration list for PBXNativeTarget "projectDTests" */;
			buildPhases = (
				D83FBA8D26D4E4C30014B7F6 /* Sources */,
				D83FBA8E26D4E4C30014B7F6 /* Frameworks */,
				D83FBA8F26D4E4C30014B7F6 /* Resources */,
			);
			buildRules = (
			);
			dependencies = (
				D83FBA9326D4E4C30014B7F6 /* PBXTargetDependency */,
			);
			name = projectDTests;
			productName = projectDTests;
			productReference = D83FBA9126D4E4C30014B7F6 /* projectDTests.xctest */;
			productType = "com.apple.product-type.bundle.unit-test";
		};
		D83FBA9B26D4E4C30014B7F6 /* projectDUITests */ = {
			isa = PBXNativeTarget;
			buildConfigurationList = D83FBAAB26D4E4C30014B7F6 /* Build configuration list for PBXNativeTarget "projectDUITests" */;
			buildPhases = (
				D83FBA9826D4E4C30014B7F6 /* Sources */,
				D83FBA9926D4E4C30014B7F6 /* Frameworks */,
				D83FBA9A26D4E4C30014B7F6 /* Resources */,
			);
			buildRules = (
			);
			dependencies = (
				D83FBA9E26D4E4C30014B7F6 /* PBXTargetDependency */,
			);
			name = projectDUITests;
			productName = projectDUITests;
			productReference = D83FBA9C26D4E4C30014B7F6 /* projectDUITests.xctest */;
			productType = "com.apple.product-type.bundle.ui-testing";
		};
/* End PBXNativeTarget section */

/* Begin PBXProject section */
		D83FBA7326D4E4C20014B7F6 /* Project object */ = {
			isa = PBXProject;
			attributes = {
				LastSwiftUpdateCheck = 1250;
				LastUpgradeCheck = 1250;
				TargetAttributes = {
					D83FBA7A26D4E4C20014B7F6 = {
						CreatedOnToolsVersion = 12.5.1;
					};
					D83FBA9026D4E4C30014B7F6 = {
						CreatedOnToolsVersion = 12.5.1;
						TestTargetID = D83FBA7A26D4E4C20014B7F6;
					};
					D83FBA9B26D4E4C30014B7F6 = {
						CreatedOnToolsVersion = 12.5.1;
						TestTargetID = D83FBA7A26D4E4C20014B7F6;
					};
				};
			};
			buildConfigurationList = D83FBA7626D4E4C20014B7F6 /* Build configuration list for PBXProject "projectD" */;
			compatibilityVersion = "Xcode 9.3";
			developmentRegion = en;
			hasScannedForEncodings = 0;
			knownRegions = (
				en,
				Base,
			);
			mainGroup = D83FBA7226D4E4C20014B7F6;
			productRefGroup = D83FBA7C26D4E4C20014B7F6 /* Products */;
			projectDirPath = "";
			projectRoot = "";
			targets = (
				D83FBA7A26D4E4C20014B7F6 /* projectD */,
				D83FBA9026D4E4C30014B7F6 /* projectDTests */,
				D83FBA9B26D4E4C30014B7F6 /* projectDUITests */,
			);
		};
/* End PBXProject section */

/* Begin PBXResourcesBuildPhase section */
		D83FBA7926D4E4C20014B7F6 /* Resources */ = {
			isa = PBXResourcesBuildPhase;
			buildActionMask = 2147483647;
			files = (
				D83FBA8B26D4E4C30014B7F6 /* LaunchScreen.storyboard in Resources */,
				D83FBA8826D4E4C30014B7F6 /* Assets.xcassets in Resources */,
				D83FBA8626D4E4C20014B7F6 /* Main.storyboard in Resources */,
			);
			runOnlyForDeploymentPostprocessing = 0;
		};
		D83FBA8F26D4E4C30014B7F6 /* Resources */ = {
			isa = PBXResourcesBuildPhase;
			buildActionMask = 2147483647;
			files = (
			);
			runOnlyForDeploymentPostprocessing = 0;
		};
		D83FBA9A26D4E4C30014B7F6 /* Resources */ = {
			isa = PBXResourcesBuildPhase;
			buildActionMask = 2147483647;
			files = (
			);
			runOnlyForDeploymentPostprocessing = 0;
		};
/* End PBXResourcesBuildPhase section */

/* Begin PBXSourcesBuildPhase section */
		D83FBA7726D4E4C20014B7F6 /* Sources */ = {
			isa = PBXSourcesBuildPhase;
			buildActionMask = 2147483647;
			files = (
				D83FBA8326D4E4C20014B7F6 /* ViewController.swift in Sources */,
				D83FBA7F26D4E4C20014B7F6 /* AppDelegate.swift in Sources */,
				D83FBA8126D4E4C20014B7F6 /* SceneDelegate.swift in Sources */,
			);
			runOnlyForDeploymentPostprocessing = 0;
		};
		D83FBA8D26D4E4C30014B7F6 /* Sources */ = {
			isa = PBXSourcesBuildPhase;
			buildActionMask = 2147483647;
			files = (
				D83FBA9626D4E4C30014B7F6 /* projectDTests.swift in Sources */,
			);
			runOnlyForDeploymentPostprocessing = 0;
		};
		D83FBA9826D4E4C30014B7F6 /* Sources */ = {
			isa = PBXSourcesBuildPhase;
			buildActionMask = 2147483647;
			files = (
				D83FBAA126D4E4C30014B7F6 /* projectDUITests.swift in Sources */,
			);
			runOnlyForDeploymentPostprocessing = 0;
		};
/* End PBXSourcesBuildPhase section */

/* Begin PBXTargetDependency section */
		D83FBA9326D4E4C30014B7F6 /* PBXTargetDependency */ = {
			isa = PBXTargetDependency;
			target = D83FBA7A26D4E4C20014B7F6 /* projectD */;
			targetProxy = D83FBA9226D4E4C30014B7F6 /* PBXContainerItemProxy */;
		};
		D83FBA9E26D4E4C30014B7F6 /* PBXTargetDependency */ = {
			isa = PBXTargetDependency;
			target = D83FBA7A26D4E4C20014B7F6 /* projectD */;
			targetProxy = D83FBA9D26D4E4C30014B7F6 /* PBXContainerItemProxy */;
		};
/* End PBXTargetDependency section */

/* Begin PBXVariantGroup section */
		D83FBA8426D4E4C20014B7F6 /* Main.storyboard */ = {
			isa = PBXVariantGroup;
			children = (
				D83FBA8526D4E4C20014B7F6 /* Base */,
			);
			name = Main.storyboard;
			sourceTree = "<group>";
		};
		D83FBA8926D4E4C30014B7F6 /* LaunchScreen.storyboard */ = {
			isa = PBXVariantGroup;
			children = (
				D83FBA8A26D4E4C30014B7F6 /* Base */,
			);
			name = LaunchScreen.storyboard;
			sourceTree = "<group>";
		};
/* End PBXVariantGroup section */

/* Begin XCBuildConfiguration section */
		D83FBAA326D4E4C30014B7F6 /* Debug */ = {
			isa = XCBuildConfiguration;
			buildSettings = {
				ALWAYS_SEARCH_USER_PATHS = NO;
				CLANG_ANALYZER_NONNULL = YES;
				CLANG_ANALYZER_NUMBER_OBJECT_CONVERSION = YES_AGGRESSIVE;
				CLANG_CXX_LANGUAGE_STANDARD = "gnu++14";
				CLANG_CXX_LIBRARY = "libc++";
				CLANG_ENABLE_MODULES = YES;
				CLANG_ENABLE_OBJC_ARC = YES;
				CLANG_ENABLE_OBJC_WEAK = YES;
				CLANG_WARN_BLOCK_CAPTURE_AUTORELEASING = YES;
				CLANG_WARN_BOOL_CONVERSION = YES;
				CLANG_WARN_COMMA = YES;
				CLANG_WARN_CONSTANT_CONVERSION = YES;
				CLANG_WARN_DEPRECATED_OBJC_IMPLEMENTATIONS = YES;
				CLANG_WARN_DIRECT_OBJC_ISA_USAGE = YES_ERROR;
				CLANG_WARN_DOCUMENTATION_COMMENTS = YES;
				CLANG_WARN_EMPTY_BODY = YES;
				CLANG_WARN_ENUM_CONVERSION = YES;
				CLANG_WARN_INFINITE_RECURSION = YES;
				CLANG_WARN_INT_CONVERSION = YES;
				CLANG_WARN_NON_LITERAL_NULL_CONVERSION = YES;
				CLANG_WARN_OBJC_IMPLICIT_RETAIN_SELF = YES;
				CLANG_WARN_OBJC_LITERAL_CONVERSION = YES;
				CLANG_WARN_OBJC_ROOT_CLASS = YES_ERROR;
				CLANG_WARN_QUOTED_INCLUDE_IN_FRAMEWORK_HEADER = YES;
				CLANG_WARN_RANGE_LOOP_ANALYSIS = YES;
				CLANG_WARN_STRICT_PROTOTYPES = YES;
				CLANG_WARN_SUSPICIOUS_MOVE = YES;
				CLANG_WARN_UNGUARDED_AVAILABILITY = YES_AGGRESSIVE;
				CLANG_WARN_UNREACHABLE_CODE = YES;
				CLANG_WARN__DUPLICATE_METHOD_MATCH = YES;
				COPY_PHASE_STRIP = NO;
				DEBUG_INFORMATION_FORMAT = dwarf;
				ENABLE_STRICT_OBJC_MSGSEND = YES;
				ENABLE_TESTABILITY = YES;
				GCC_C_LANGUAGE_STANDARD = gnu11;
				GCC_DYNAMIC_NO_PIC = NO;
				GCC_NO_COMMON_BLOCKS = YES;
				GCC_OPTIMIZATION_LEVEL = 0;
				GCC_PREPROCESSOR_DEFINITIONS = (
					"DEBUG=1",
					"$(inherited)",
				);
				GCC_WARN_64_TO_32_BIT_CONVERSION = YES;
				GCC_WARN_ABOUT_RETURN_TYPE = YES_ERROR;
				GCC_WARN_UNDECLARED_SELECTOR = YES;
				GCC_WARN_UNINITIALIZED_AUTOS = YES_AGGRESSIVE;
				GCC_WARN_UNUSED_FUNCTION = YES;
				GCC_WARN_UNUSED_VARIABLE = YES;
				IPHONEOS_DEPLOYMENT_TARGET = 14.5;
				MTL_ENABLE_DEBUG_INFO = INCLUDE_SOURCE;
				MTL_FAST_MATH = YES;
				ONLY_ACTIVE_ARCH = YES;
				SDKROOT = iphoneos;
				SWIFT_ACTIVE_COMPILATION_CONDITIONS = DEBUG;
				SWIFT_OPTIMIZATION_LEVEL = "-Onone";
			};
			name = Debug;
		};
		D83FBAA426D4E4C30014B7F6 /* Release */ = {
			isa = XCBuildConfiguration;
			buildSettings = {
				ALWAYS_SEARCH_USER_PATHS = NO;
				CLANG_ANALYZER_NONNULL = YES;
				CLANG_ANALYZER_NUMBER_OBJECT_CONVERSION = YES_AGGRESSIVE;
				CLANG_CXX_LANGUAGE_STANDARD = "gnu++14";
				CLANG_CXX_LIBRARY = "libc++";
				CLANG_ENABLE_MODULES = YES;
				CLANG_ENABLE_OBJC_ARC = YES;
				CLANG_ENABLE_OBJC_WEAK = YES;
				CLANG_WARN_BLOCK_CAPTURE_AUTORELEASING = YES;
				CLANG_WARN_BOOL_CONVERSION = YES;
				CLANG_WARN_COMMA = YES;
				CLANG_WARN_CONSTANT_CONVERSION = YES;
				CLANG_WARN_DEPRECATED_OBJC_IMPLEMENTATIONS = YES;
				CLANG_WARN_DIRECT_OBJC_ISA_USAGE = YES_ERROR;
				CLANG_WARN_DOCUMENTATION_COMMENTS = YES;
				CLANG_WARN_EMPTY_BODY = YES;
				CLANG_WARN_ENUM_CONVERSION = YES;
				CLANG_WARN_INFINITE_RECURSION = YES;
				CLANG_WARN_INT_CONVERSION = YES;
				CLANG_WARN_NON_LITERAL_NULL_CONVERSION = YES;
				CLANG_WARN_OBJC_IMPLICIT_RETAIN_SELF = YES;
				CLANG_WARN_OBJC_LITERAL_CONVERSION = YES;
				CLANG_WARN_OBJC_ROOT_CLASS = YES_ERROR;
				CLANG_WARN_QUOTED_INCLUDE_IN_FRAMEWORK_HEADER = YES;
				CLANG_WARN_RANGE_LOOP_ANALYSIS = YES;
				CLANG_WARN_STRICT_PROTOTYPES = YES;
				CLANG_WARN_SUSPICIOUS_MOVE = YES;
				CLANG_WARN_UNGUARDED_AVAILABILITY = YES_AGGRESSIVE;
				CLANG_WARN_UNREACHABLE_CODE = YES;
				CLANG_WARN__DUPLICATE_METHOD_MATCH = YES;
				COPY_PHASE_STRIP = NO;
				DEBUG_INFORMATION_FORMAT = "dwarf-with-dsym";
				ENABLE_NS_ASSERTIONS = NO;
				ENABLE_STRICT_OBJC_MSGSEND = YES;
				GCC_C_LANGUAGE_STANDARD = gnu11;
				GCC_NO_COMMON_BLOCKS = YES;
				GCC_WARN_64_TO_32_BIT_CONVERSION = YES;
				GCC_WARN_ABOUT_RETURN_TYPE = YES_ERROR;
				GCC_WARN_UNDECLARED_SELECTOR = YES;
				GCC_WARN_UNINITIALIZED_AUTOS = YES_AGGRESSIVE;
				GCC_WARN_UNUSED_FUNCTION = YES;
				GCC_WARN_UNUSED_VARIABLE = YES;
				IPHONEOS_DEPLOYMENT_TARGET = 14.5;
				MTL_ENABLE_DEBUG_INFO = NO;
				MTL_FAST_MATH = YES;
				SDKROOT = iphoneos;
				SWIFT_COMPILATION_MODE = wholemodule;
				SWIFT_OPTIMIZATION_LEVEL = "-O";
				VALIDATE_PRODUCT = YES;
			};
			name = Release;
		};
		D83FBAA626D4E4C30014B7F6 /* Debug */ = {
			isa = XCBuildConfiguration;
			buildSettings = {
				ASSETCATALOG_COMPILER_APPICON_NAME = AppIcon;
				ASSETCATALOG_COMPILER_GLOBAL_ACCENT_COLOR_NAME = AccentColor;
				CODE_SIGN_STYLE = Automatic;
				INFOPLIST_FILE = projectD/Info.plist;
				LD_RUNPATH_SEARCH_PATHS = (
					"$(inherited)",
					"@executable_path/Frameworks",
				);
				PRODUCT_BUNDLE_IDENTIFIER = projectD.projectD;
				PRODUCT_NAME = "$(TARGET_NAME)";
				SWIFT_VERSION = 5.0;
				TARGETED_DEVICE_FAMILY = 1;
			};
			name = Debug;
		};
		D83FBAA726D4E4C30014B7F6 /* Release */ = {
			isa = XCBuildConfiguration;
			buildSettings = {
				ASSETCATALOG_COMPILER_APPICON_NAME = AppIcon;
				ASSETCATALOG_COMPILER_GLOBAL_ACCENT_COLOR_NAME = AccentColor;
				CODE_SIGN_STYLE = Automatic;
				INFOPLIST_FILE = projectD/Info.plist;
				LD_RUNPATH_SEARCH_PATHS = (
					"$(inherited)",
					"@executable_path/Frameworks",
				);
				PRODUCT_BUNDLE_IDENTIFIER = projectD.projectD;
				PRODUCT_NAME = "$(TARGET_NAME)";
				SWIFT_VERSION = 5.0;
				TARGETED_DEVICE_FAMILY = 1;
			};
			name = Release;
		};
		D83FBAA926D4E4C30014B7F6 /* Debug */ = {
			isa = XCBuildConfiguration;
			buildSettings = {
				ALWAYS_EMBED_SWIFT_STANDARD_LIBRARIES = YES;
				BUNDLE_LOADER = "$(TEST_HOST)";
				CODE_SIGN_STYLE = Automatic;
				INFOPLIST_FILE = projectDTests/Info.plist;
				IPHONEOS_DEPLOYMENT_TARGET = 14.5;
				LD_RUNPATH_SEARCH_PATHS = (
					"$(inherited)",
					"@executable_path/Frameworks",
					"@loader_path/Frameworks",
				);
				PRODUCT_BUNDLE_IDENTIFIER = projectD.projectDTests;
				PRODUCT_NAME = "$(TARGET_NAME)";
				SWIFT_VERSION = 5.0;
				TARGETED_DEVICE_FAMILY = "1,2";
				TEST_HOST = "$(BUILT_PRODUCTS_DIR)/projectD.app/projectD";
			};
			name = Debug;
		};
		D83FBAAA26D4E4C30014B7F6 /* Release */ = {
			isa = XCBuildConfiguration;
			buildSettings = {
				ALWAYS_EMBED_SWIFT_STANDARD_LIBRARIES = YES;
				BUNDLE_LOADER = "$(TEST_HOST)";
				CODE_SIGN_STYLE = Automatic;
				INFOPLIST_FILE = projectDTests/Info.plist;
				IPHONEOS_DEPLOYMENT_TARGET = 14.5;
				LD_RUNPATH_SEARCH_PATHS = (
					"$(inherited)",
					"@executable_path/Frameworks",
					"@loader_path/Frameworks",
				);
				PRODUCT_BUNDLE_IDENTIFIER = projectD.projectDTests;
				PRODUCT_NAME = "$(TARGET_NAME)";
				SWIFT_VERSION = 5.0;
				TARGETED_DEVICE_FAMILY = "1,2";
				TEST_HOST = "$(BUILT_PRODUCTS_DIR)/projectD.app/projectD";
			};
			name = Release;
		};
		D83FBAAC26D4E4C30014B7F6 /* Debug */ = {
			isa = XCBuildConfiguration;
			buildSettings = {
				ALWAYS_EMBED_SWIFT_STANDARD_LIBRARIES = YES;
				CODE_SIGN_STYLE = Automatic;
				INFOPLIST_FILE = projectDUITests/Info.plist;
				LD_RUNPATH_SEARCH_PATHS = (
					"$(inherited)",
					"@executable_path/Frameworks",
					"@loader_path/Frameworks",
				);
				PRODUCT_BUNDLE_IDENTIFIER = projectD.projectDUITests;
				PRODUCT_NAME = "$(TARGET_NAME)";
				SWIFT_VERSION = 5.0;
				TARGETED_DEVICE_FAMILY = "1,2";
				TEST_TARGET_NAME = projectD;
			};
			name = Debug;
		};
		D83FBAAD26D4E4C30014B7F6 /* Release */ = {
			isa = XCBuildConfiguration;
			buildSettings = {
				ALWAYS_EMBED_SWIFT_STANDARD_LIBRARIES = YES;
				CODE_SIGN_STYLE = Automatic;
				INFOPLIST_FILE = projectDUITests/Info.plist;
				LD_RUNPATH_SEARCH_PATHS = (
					"$(inherited)",
					"@executable_path/Frameworks",
					"@loader_path/Frameworks",
				);
				PRODUCT_BUNDLE_IDENTIFIER = projectD.projectDUITests;
				PRODUCT_NAME = "$(TARGET_NAME)";
				SWIFT_VERSION = 5.0;
				TARGETED_DEVICE_FAMILY = "1,2";
				TEST_TARGET_NAME = projectD;
			};
			name = Release;
		};
/* End XCBuildConfiguration section */

/* Begin XCConfigurationList section */
		D83FBA7626D4E4C20014B7F6 /* Build configuration list for PBXProject "projectD" */ = {
			isa = XCConfigurationList;
			buildConfigurations = (
				D83FBAA326D4E4C30014B7F6 /* Debug */,
				D83FBAA426D4E4C30014B7F6 /* Release */,
			);
			defaultConfigurationIsVisible = 0;
			defaultConfigurationName = Release;
		};
		D83FBAA526D4E4C30014B7F6 /* Build configuration list for PBXNativeTarget "projectD" */ = {
			isa = XCConfigurationList;
			buildConfigurations = (
				D83FBAA626D4E4C30014B7F6 /* Debug */,
				D83FBAA726D4E4C30014B7F6 /* Release */,
			);
			defaultConfigurationIsVisible = 0;
			defaultConfigurationName = Release;
		};
		D83FBAA826D4E4C30014B7F6 /* Build configuration list for PBXNativeTarget "projectDTests" */ = {
			isa = XCConfigurationList;
			buildConfigurations = (
				D83FBAA926D4E4C30014B7F6 /* Debug */,
				D83FBAAA26D4E4C30014B7F6 /* Release */,
			);
			defaultConfigurationIsVisible = 0;
			defaultConfigurationName = Release;
		};
		D83FBAAB26D4E4C30014B7F6 /* Build configuration list for PBXNativeTarget "projectDUITests" */ = {
			isa = XCConfigurationList;
			buildConfigurations = (
				D83FBAAC26D4E4C30014B7F6 /* Debug */,
				D83FBAAD26D4E4C30014B7F6 /* Release */,
			);
			defaultConfigurationIsVisible = 0;
			defaultConfigurationName = Release;
		};
/* End XCConfigurationList section */
	};
	rootObject = D83FBA7326D4E4C20014B7F6 /* Project object */;
}
