// !$*UTF8*$!
{
	archiveVersion = 1;
	classes = {
	};
	objectVersion = 50;
	objects = {

/* Begin PBXBuildFile section */
		D852F99D26D71F57005D1CCA /* AppDelegate.swift in Sources */ = {isa = PBXBuildFile; fileRef = D852F99C26D71F57005D1CCA /* AppDelegate.swift */; };
		D852F99F26D71F57005D1CCA /* SceneDelegate.swift in Sources */ = {isa = PBXBuildFile; fileRef = D852F99E26D71F57005D1CCA /* SceneDelegate.swift */; };
		D852F9A126D71F57005D1CCA /* ViewController.swift in Sources */ = {isa = PBXBuildFile; fileRef = D852F9A026D71F57005D1CCA /* ViewController.swift */; };
		D852F9A426D71F57005D1CCA /* Main.storyboard in Resources */ = {isa = PBXBuildFile; fileRef = D852F9A226D71F57005D1CCA /* Main.storyboard */; };
		D852F9A626D71F58005D1CCA /* Assets.xcassets in Resources */ = {isa = PBXBuildFile; fileRef = D852F9A526D71F58005D1CCA /* Assets.xcassets */; };
		D852F9A926D71F58005D1CCA /* LaunchScreen.storyboard in Resources */ = {isa = PBXBuildFile; fileRef = D852F9A726D71F58005D1CCA /* LaunchScreen.storyboard */; };
		D852F9B426D71F58005D1CCA /* projectJTests.swift in Sources */ = {isa = PBXBuildFile; fileRef = D852F9B326D71F58005D1CCA /* projectJTests.swift */; };
		D852F9BF26D71F58005D1CCA /* projectJUITests.swift in Sources */ = {isa = PBXBuildFile; fileRef = D852F9BE26D71F58005D1CCA /* projectJUITests.swift */; };
/* End PBXBuildFile section */

/* Begin PBXContainerItemProxy section */
		D852F9B026D71F58005D1CCA /* PBXContainerItemProxy */ = {
			isa = PBXContainerItemProxy;
			containerPortal = D852F99126D71F57005D1CCA /* Project object */;
			proxyType = 1;
			remoteGlobalIDString = D852F99826D71F57005D1CCA;
			remoteInfo = projectJ;
		};
		D852F9BB26D71F58005D1CCA /* PBXContainerItemProxy */ = {
			isa = PBXContainerItemProxy;
			containerPortal = D852F99126D71F57005D1CCA /* Project object */;
			proxyType = 1;
			remoteGlobalIDString = D852F99826D71F57005D1CCA;
			remoteInfo = projectJ;
		};
/* End PBXContainerItemProxy section */

/* Begin PBXFileReference section */
		D852F99926D71F57005D1CCA /* projectJ.app */ = {isa = PBXFileReference; explicitFileType = wrapper.application; includeInIndex = 0; path = projectJ.app; sourceTree = BUILT_PRODUCTS_DIR; };
		D852F99C26D71F57005D1CCA /* AppDelegate.swift */ = {isa = PBXFileReference; lastKnownFileType = sourcecode.swift; path = AppDelegate.swift; sourceTree = "<group>"; };
		D852F99E26D71F57005D1CCA /* SceneDelegate.swift */ = {isa = PBXFileReference; lastKnownFileType = sourcecode.swift; path = SceneDelegate.swift; sourceTree = "<group>"; };
		D852F9A026D71F57005D1CCA /* ViewController.swift */ = {isa = PBXFileReference; lastKnownFileType = sourcecode.swift; path = ViewController.swift; sourceTree = "<group>"; };
		D852F9A326D71F57005D1CCA /* Base */ = {isa = PBXFileReference; lastKnownFileType = file.storyboard; name = Base; path = Base.lproj/Main.storyboard; sourceTree = "<group>"; };
		D852F9A526D71F58005D1CCA /* Assets.xcassets */ = {isa = PBXFileReference; lastKnownFileType = folder.assetcatalog; path = Assets.xcassets; sourceTree = "<group>"; };
		D852F9A826D71F58005D1CCA /* Base */ = {isa = PBXFileReference; lastKnownFileType = file.storyboard; name = Base; path = Base.lproj/LaunchScreen.storyboard; sourceTree = "<group>"; };
		D852F9AA26D71F58005D1CCA /* Info.plist */ = {isa = PBXFileReference; lastKnownFileType = text.plist.xml; path = Info.plist; sourceTree = "<group>"; };
		D852F9AF26D71F58005D1CCA /* projectJTests.xctest */ = {isa = PBXFileReference; explicitFileType = wrapper.cfbundle; includeInIndex = 0; path = projectJTests.xctest; sourceTree = BUILT_PRODUCTS_DIR; };
		D852F9B326D71F58005D1CCA /* projectJTests.swift */ = {isa = PBXFileReference; lastKnownFileType = sourcecode.swift; path = projectJTests.swift; sourceTree = "<group>"; };
		D852F9B526D71F58005D1CCA /* Info.plist */ = {isa = PBXFileReference; lastKnownFileType = text.plist.xml; path = Info.plist; sourceTree = "<group>"; };
		D852F9BA26D71F58005D1CCA /* projectJUITests.xctest */ = {isa = PBXFileReference; explicitFileType = wrapper.cfbundle; includeInIndex = 0; path = projectJUITests.xctest; sourceTree = BUILT_PRODUCTS_DIR; };
		D852F9BE26D71F58005D1CCA /* projectJUITests.swift */ = {isa = PBXFileReference; lastKnownFileType = sourcecode.swift; path = projectJUITests.swift; sourceTree = "<group>"; };
		D852F9C026D71F58005D1CCA /* Info.plist */ = {isa = PBXFileReference; lastKnownFileType = text.plist.xml; path = Info.plist; sourceTree = "<group>"; };
/* End PBXFileReference section */

/* Begin PBXFrameworksBuildPhase section */
		D852F99626D71F57005D1CCA /* Frameworks */ = {
			isa = PBXFrameworksBuildPhase;
			buildActionMask = 2147483647;
			files = (
			);
			runOnlyForDeploymentPostprocessing = 0;
		};
		D852F9AC26D71F58005D1CCA /* Frameworks */ = {
			isa = PBXFrameworksBuildPhase;
			buildActionMask = 2147483647;
			files = (
			);
			runOnlyForDeploymentPostprocessing = 0;
		};
		D852F9B726D71F58005D1CCA /* Frameworks */ = {
			isa = PBXFrameworksBuildPhase;
			buildActionMask = 2147483647;
			files = (
			);
			runOnlyForDeploymentPostprocessing = 0;
		};
/* End PBXFrameworksBuildPhase section */

/* Begin PBXGroup section */
		D852F99026D71F57005D1CCA = {
			isa = PBXGroup;
			children = (
				D852F99B26D71F57005D1CCA /* projectJ */,
				D852F9B226D71F58005D1CCA /* projectJTests */,
				D852F9BD26D71F58005D1CCA /* projectJUITests */,
				D852F99A26D71F57005D1CCA /* Products */,
			);
			sourceTree = "<group>";
		};
		D852F99A26D71F57005D1CCA /* Products */ = {
			isa = PBXGroup;
			children = (
				D852F99926D71F57005D1CCA /* projectJ.app */,
				D852F9AF26D71F58005D1CCA /* projectJTests.xctest */,
				D852F9BA26D71F58005D1CCA /* projectJUITests.xctest */,
			);
			name = Products;
			sourceTree = "<group>";
		};
		D852F99B26D71F57005D1CCA /* projectJ */ = {
			isa = PBXGroup;
			children = (
				D852F99C26D71F57005D1CCA /* AppDelegate.swift */,
				D852F99E26D71F57005D1CCA /* SceneDelegate.swift */,
				D852F9A026D71F57005D1CCA /* ViewController.swift */,
				D852F9A226D71F57005D1CCA /* Main.storyboard */,
				D852F9A526D71F58005D1CCA /* Assets.xcassets */,
				D852F9A726D71F58005D1CCA /* LaunchScreen.storyboard */,
				D852F9AA26D71F58005D1CCA /* Info.plist */,
			);
			path = projectJ;
			sourceTree = "<group>";
		};
		D852F9B226D71F58005D1CCA /* projectJTests */ = {
			isa = PBXGroup;
			children = (
				D852F9B326D71F58005D1CCA /* projectJTests.swift */,
				D852F9B526D71F58005D1CCA /* Info.plist */,
			);
			path = projectJTests;
			sourceTree = "<group>";
		};
		D852F9BD26D71F58005D1CCA /* projectJUITests */ = {
			isa = PBXGroup;
			children = (
				D852F9BE26D71F58005D1CCA /* projectJUITests.swift */,
				D852F9C026D71F58005D1CCA /* Info.plist */,
			);
			path = projectJUITests;
			sourceTree = "<group>";
		};
/* End PBXGroup section */

/* Begin PBXNativeTarget section */
		D852F99826D71F57005D1CCA /* projectJ */ = {
			isa = PBXNativeTarget;
			buildConfigurationList = D852F9C326D71F58005D1CCA /* Build configuration list for PBXNativeTarget "projectJ" */;
			buildPhases = (
				D852F99526D71F57005D1CCA /* Sources */,
				D852F99626D71F57005D1CCA /* Frameworks */,
				D852F99726D71F57005D1CCA /* Resources */,
			);
			buildRules = (
			);
			dependencies = (
			);
			name = projectJ;
			productName = projectJ;
			productReference = D852F99926D71F57005D1CCA /* projectJ.app */;
			productType = "com.apple.product-type.application";
		};
		D852F9AE26D71F58005D1CCA /* projectJTests */ = {
			isa = PBXNativeTarget;
			buildConfigurationList = D852F9C626D71F58005D1CCA /* Build configuration list for PBXNativeTarget "projectJTests" */;
			buildPhases = (
				D852F9AB26D71F58005D1CCA /* Sources */,
				D852F9AC26D71F58005D1CCA /* Frameworks */,
				D852F9AD26D71F58005D1CCA /* Resources */,
			);
			buildRules = (
			);
			dependencies = (
				D852F9B126D71F58005D1CCA /* PBXTargetDependency */,
			);
			name = projectJTests;
			productName = projectJTests;
			productReference = D852F9AF26D71F58005D1CCA /* projectJTests.xctest */;
			productType = "com.apple.product-type.bundle.unit-test";
		};
		D852F9B926D71F58005D1CCA /* projectJUITests */ = {
			isa = PBXNativeTarget;
			buildConfigurationList = D852F9C926D71F58005D1CCA /* Build configuration list for PBXNativeTarget "projectJUITests" */;
			buildPhases = (
				D852F9B626D71F58005D1CCA /* Sources */,
				D852F9B726D71F58005D1CCA /* Frameworks */,
				D852F9B826D71F58005D1CCA /* Resources */,
			);
			buildRules = (
			);
			dependencies = (
				D852F9BC26D71F58005D1CCA /* PBXTargetDependency */,
			);
			name = projectJUITests;
			productName = projectJUITests;
			productReference = D852F9BA26D71F58005D1CCA /* projectJUITests.xctest */;
			productType = "com.apple.product-type.bundle.ui-testing";
		};
/* End PBXNativeTarget section */

/* Begin PBXProject section */
		D852F99126D71F57005D1CCA /* Project object */ = {
			isa = PBXProject;
			attributes = {
				LastSwiftUpdateCheck = 1250;
				LastUpgradeCheck = 1250;
				TargetAttributes = {
					D852F99826D71F57005D1CCA = {
						CreatedOnToolsVersion = 12.5.1;
					};
					D852F9AE26D71F58005D1CCA = {
						CreatedOnToolsVersion = 12.5.1;
						TestTargetID = D852F99826D71F57005D1CCA;
					};
					D852F9B926D71F58005D1CCA = {
						CreatedOnToolsVersion = 12.5.1;
						TestTargetID = D852F99826D71F57005D1CCA;
					};
				};
			};
			buildConfigurationList = D852F99426D71F57005D1CCA /* Build configuration list for PBXProject "projectJ" */;
			compatibilityVersion = "Xcode 9.3";
			developmentRegion = en;
			hasScannedForEncodings = 0;
			knownRegions = (
				en,
				Base,
			);
			mainGroup = D852F99026D71F57005D1CCA;
			productRefGroup = D852F99A26D71F57005D1CCA /* Products */;
			projectDirPath = "";
			projectRoot = "";
			targets = (
				D852F99826D71F57005D1CCA /* projectJ */,
				D852F9AE26D71F58005D1CCA /* projectJTests */,
				D852F9B926D71F58005D1CCA /* projectJUITests */,
			);
		};
/* End PBXProject section */

/* Begin PBXResourcesBuildPhase section */
		D852F99726D71F57005D1CCA /* Resources */ = {
			isa = PBXResourcesBuildPhase;
			buildActionMask = 2147483647;
			files = (
				D852F9A926D71F58005D1CCA /* LaunchScreen.storyboard in Resources */,
				D852F9A626D71F58005D1CCA /* Assets.xcassets in Resources */,
				D852F9A426D71F57005D1CCA /* Main.storyboard in Resources */,
			);
			runOnlyForDeploymentPostprocessing = 0;
		};
		D852F9AD26D71F58005D1CCA /* Resources */ = {
			isa = PBXResourcesBuildPhase;
			buildActionMask = 2147483647;
			files = (
			);
			runOnlyForDeploymentPostprocessing = 0;
		};
		D852F9B826D71F58005D1CCA /* Resources */ = {
			isa = PBXResourcesBuildPhase;
			buildActionMask = 2147483647;
			files = (
			);
			runOnlyForDeploymentPostprocessing = 0;
		};
/* End PBXResourcesBuildPhase section */

/* Begin PBXSourcesBuildPhase section */
		D852F99526D71F57005D1CCA /* Sources */ = {
			isa = PBXSourcesBuildPhase;
			buildActionMask = 2147483647;
			files = (
				D852F9A126D71F57005D1CCA /* ViewController.swift in Sources */,
				D852F99D26D71F57005D1CCA /* AppDelegate.swift in Sources */,
				D852F99F26D71F57005D1CCA /* SceneDelegate.swift in Sources */,
			);
			runOnlyForDeploymentPostprocessing = 0;
		};
		D852F9AB26D71F58005D1CCA /* Sources */ = {
			isa = PBXSourcesBuildPhase;
			buildActionMask = 2147483647;
			files = (
				D852F9B426D71F58005D1CCA /* projectJTests.swift in Sources */,
			);
			runOnlyForDeploymentPostprocessing = 0;
		};
		D852F9B626D71F58005D1CCA /* Sources */ = {
			isa = PBXSourcesBuildPhase;
			buildActionMask = 2147483647;
			files = (
				D852F9BF26D71F58005D1CCA /* projectJUITests.swift in Sources */,
			);
			runOnlyForDeploymentPostprocessing = 0;
		};
/* End PBXSourcesBuildPhase section */

/* Begin PBXTargetDependency section */
		D852F9B126D71F58005D1CCA /* PBXTargetDependency */ = {
			isa = PBXTargetDependency;
			target = D852F99826D71F57005D1CCA /* projectJ */;
			targetProxy = D852F9B026D71F58005D1CCA /* PBXContainerItemProxy */;
		};
		D852F9BC26D71F58005D1CCA /* PBXTargetDependency */ = {
			isa = PBXTargetDependency;
			target = D852F99826D71F57005D1CCA /* projectJ */;
			targetProxy = D852F9BB26D71F58005D1CCA /* PBXContainerItemProxy */;
		};
/* End PBXTargetDependency section */

/* Begin PBXVariantGroup section */
		D852F9A226D71F57005D1CCA /* Main.storyboard */ = {
			isa = PBXVariantGroup;
			children = (
				D852F9A326D71F57005D1CCA /* Base */,
			);
			name = Main.storyboard;
			sourceTree = "<group>";
		};
		D852F9A726D71F58005D1CCA /* LaunchScreen.storyboard */ = {
			isa = PBXVariantGroup;
			children = (
				D852F9A826D71F58005D1CCA /* Base */,
			);
			name = LaunchScreen.storyboard;
			sourceTree = "<group>";
		};
/* End PBXVariantGroup section */

/* Begin XCBuildConfiguration section */
		D852F9C126D71F58005D1CCA /* Debug */ = {
			isa = XCBuildConfiguration;
			buildSettings = {
				ALWAYS_SEARCH_USER_PATHS = NO;
				CLANG_ANALYZER_NONNULL = YES;
				CLANG_ANALYZER_NUMBER_OBJECT_CONVERSION = YES_AGGRESSIVE;
				CLANG_CXX_LANGUAGE_STANDARD = "gnu++14";
				CLANG_CXX_LIBRARY = "libc++";
				CLANG_ENABLE_MODULES = YES;
				CLANG_ENABLE_OBJC_ARC = YES;
				CLANG_ENABLE_OBJC_WEAK = YES;
				CLANG_WARN_BLOCK_CAPTURE_AUTORELEASING = YES;
				CLANG_WARN_BOOL_CONVERSION = YES;
				CLANG_WARN_COMMA = YES;
				CLANG_WARN_CONSTANT_CONVERSION = YES;
				CLANG_WARN_DEPRECATED_OBJC_IMPLEMENTATIONS = YES;
				CLANG_WARN_DIRECT_OBJC_ISA_USAGE = YES_ERROR;
				CLANG_WARN_DOCUMENTATION_COMMENTS = YES;
				CLANG_WARN_EMPTY_BODY = YES;
				CLANG_WARN_ENUM_CONVERSION = YES;
				CLANG_WARN_INFINITE_RECURSION = YES;
				CLANG_WARN_INT_CONVERSION = YES;
				CLANG_WARN_NON_LITERAL_NULL_CONVERSION = YES;
				CLANG_WARN_OBJC_IMPLICIT_RETAIN_SELF = YES;
				CLANG_WARN_OBJC_LITERAL_CONVERSION = YES;
				CLANG_WARN_OBJC_ROOT_CLASS = YES_ERROR;
				CLANG_WARN_QUOTED_INCLUDE_IN_FRAMEWORK_HEADER = YES;
				CLANG_WARN_RANGE_LOOP_ANALYSIS = YES;
				CLANG_WARN_STRICT_PROTOTYPES = YES;
				CLANG_WARN_SUSPICIOUS_MOVE = YES;
				CLANG_WARN_UNGUARDED_AVAILABILITY = YES_AGGRESSIVE;
				CLANG_WARN_UNREACHABLE_CODE = YES;
				CLANG_WARN__DUPLICATE_METHOD_MATCH = YES;
				COPY_PHASE_STRIP = NO;
				DEBUG_INFORMATION_FORMAT = dwarf;
				ENABLE_STRICT_OBJC_MSGSEND = YES;
				ENABLE_TESTABILITY = YES;
				GCC_C_LANGUAGE_STANDARD = gnu11;
				GCC_DYNAMIC_NO_PIC = NO;
				GCC_NO_COMMON_BLOCKS = YES;
				GCC_OPTIMIZATION_LEVEL = 0;
				GCC_PREPROCESSOR_DEFINITIONS = (
					"DEBUG=1",
					"$(inherited)",
				);
				GCC_WARN_64_TO_32_BIT_CONVERSION = YES;
				GCC_WARN_ABOUT_RETURN_TYPE = YES_ERROR;
				GCC_WARN_UNDECLARED_SELECTOR = YES;
				GCC_WARN_UNINITIALIZED_AUTOS = YES_AGGRESSIVE;
				GCC_WARN_UNUSED_FUNCTION = YES;
				GCC_WARN_UNUSED_VARIABLE = YES;
				IPHONEOS_DEPLOYMENT_TARGET = 14.5;
				MTL_ENABLE_DEBUG_INFO = INCLUDE_SOURCE;
				MTL_FAST_MATH = YES;
				ONLY_ACTIVE_ARCH = YES;
				SDKROOT = iphoneos;
				SWIFT_ACTIVE_COMPILATION_CONDITIONS = DEBUG;
				SWIFT_OPTIMIZATION_LEVEL = "-Onone";
			};
			name = Debug;
		};
		D852F9C226D71F58005D1CCA /* Release */ = {
			isa = XCBuildConfiguration;
			buildSettings = {
				ALWAYS_SEARCH_USER_PATHS = NO;
				CLANG_ANALYZER_NONNULL = YES;
				CLANG_ANALYZER_NUMBER_OBJECT_CONVERSION = YES_AGGRESSIVE;
				CLANG_CXX_LANGUAGE_STANDARD = "gnu++14";
				CLANG_CXX_LIBRARY = "libc++";
				CLANG_ENABLE_MODULES = YES;
				CLANG_ENABLE_OBJC_ARC = YES;
				CLANG_ENABLE_OBJC_WEAK = YES;
				CLANG_WARN_BLOCK_CAPTURE_AUTORELEASING = YES;
				CLANG_WARN_BOOL_CONVERSION = YES;
				CLANG_WARN_COMMA = YES;
				CLANG_WARN_CONSTANT_CONVERSION = YES;
				CLANG_WARN_DEPRECATED_OBJC_IMPLEMENTATIONS = YES;
				CLANG_WARN_DIRECT_OBJC_ISA_USAGE = YES_ERROR;
				CLANG_WARN_DOCUMENTATION_COMMENTS = YES;
				CLANG_WARN_EMPTY_BODY = YES;
				CLANG_WARN_ENUM_CONVERSION = YES;
				CLANG_WARN_INFINITE_RECURSION = YES;
				CLANG_WARN_INT_CONVERSION = YES;
				CLANG_WARN_NON_LITERAL_NULL_CONVERSION = YES;
				CLANG_WARN_OBJC_IMPLICIT_RETAIN_SELF = YES;
				CLANG_WARN_OBJC_LITERAL_CONVERSION = YES;
				CLANG_WARN_OBJC_ROOT_CLASS = YES_ERROR;
				CLANG_WARN_QUOTED_INCLUDE_IN_FRAMEWORK_HEADER = YES;
				CLANG_WARN_RANGE_LOOP_ANALYSIS = YES;
				CLANG_WARN_STRICT_PROTOTYPES = YES;
				CLANG_WARN_SUSPICIOUS_MOVE = YES;
				CLANG_WARN_UNGUARDED_AVAILABILITY = YES_AGGRESSIVE;
				CLANG_WARN_UNREACHABLE_CODE = YES;
				CLANG_WARN__DUPLICATE_METHOD_MATCH = YES;
				COPY_PHASE_STRIP = NO;
				DEBUG_INFORMATION_FORMAT = "dwarf-with-dsym";
				ENABLE_NS_ASSERTIONS = NO;
				ENABLE_STRICT_OBJC_MSGSEND = YES;
				GCC_C_LANGUAGE_STANDARD = gnu11;
				GCC_NO_COMMON_BLOCKS = YES;
				GCC_WARN_64_TO_32_BIT_CONVERSION = YES;
				GCC_WARN_ABOUT_RETURN_TYPE = YES_ERROR;
				GCC_WARN_UNDECLARED_SELECTOR = YES;
				GCC_WARN_UNINITIALIZED_AUTOS = YES_AGGRESSIVE;
				GCC_WARN_UNUSED_FUNCTION = YES;
				GCC_WARN_UNUSED_VARIABLE = YES;
				IPHONEOS_DEPLOYMENT_TARGET = 14.5;
				MTL_ENABLE_DEBUG_INFO = NO;
				MTL_FAST_MATH = YES;
				SDKROOT = iphoneos;
				SWIFT_COMPILATION_MODE = wholemodule;
				SWIFT_OPTIMIZATION_LEVEL = "-O";
				VALIDATE_PRODUCT = YES;
			};
			name = Release;
		};
		D852F9C426D71F58005D1CCA /* Debug */ = {
			isa = XCBuildConfiguration;
			buildSettings = {
				ASSETCATALOG_COMPILER_APPICON_NAME = AppIcon;
				ASSETCATALOG_COMPILER_GLOBAL_ACCENT_COLOR_NAME = AccentColor;
				CODE_SIGN_STYLE = Automatic;
				INFOPLIST_FILE = projectJ/Info.plist;
				LD_RUNPATH_SEARCH_PATHS = (
					"$(inherited)",
					"@executable_path/Frameworks",
				);
				PRODUCT_BUNDLE_IDENTIFIER = projectJ.projectJ;
				PRODUCT_NAME = "$(TARGET_NAME)";
				SWIFT_VERSION = 5.0;
				TARGETED_DEVICE_FAMILY = 1;
			};
			name = Debug;
		};
		D852F9C526D71F58005D1CCA /* Release */ = {
			isa = XCBuildConfiguration;
			buildSettings = {
				ASSETCATALOG_COMPILER_APPICON_NAME = AppIcon;
				ASSETCATALOG_COMPILER_GLOBAL_ACCENT_COLOR_NAME = AccentColor;
				CODE_SIGN_STYLE = Automatic;
				INFOPLIST_FILE = projectJ/Info.plist;
				LD_RUNPATH_SEARCH_PATHS = (
					"$(inherited)",
					"@executable_path/Frameworks",
				);
				PRODUCT_BUNDLE_IDENTIFIER = projectJ.projectJ;
				PRODUCT_NAME = "$(TARGET_NAME)";
				SWIFT_VERSION = 5.0;
				TARGETED_DEVICE_FAMILY = 1;
			};
			name = Release;
		};
		D852F9C726D71F58005D1CCA /* Debug */ = {
			isa = XCBuildConfiguration;
			buildSettings = {
				ALWAYS_EMBED_SWIFT_STANDARD_LIBRARIES = YES;
				BUNDLE_LOADER = "$(TEST_HOST)";
				CODE_SIGN_STYLE = Automatic;
				INFOPLIST_FILE = projectJTests/Info.plist;
				IPHONEOS_DEPLOYMENT_TARGET = 14.5;
				LD_RUNPATH_SEARCH_PATHS = (
					"$(inherited)",
					"@executable_path/Frameworks",
					"@loader_path/Frameworks",
				);
				PRODUCT_BUNDLE_IDENTIFIER = projectJ.projectJTests;
				PRODUCT_NAME = "$(TARGET_NAME)";
				SWIFT_VERSION = 5.0;
				TARGETED_DEVICE_FAMILY = "1,2";
				TEST_HOST = "$(BUILT_PRODUCTS_DIR)/projectJ.app/projectJ";
			};
			name = Debug;
		};
		D852F9C826D71F58005D1CCA /* Release */ = {
			isa = XCBuildConfiguration;
			buildSettings = {
				ALWAYS_EMBED_SWIFT_STANDARD_LIBRARIES = YES;
				BUNDLE_LOADER = "$(TEST_HOST)";
				CODE_SIGN_STYLE = Automatic;
				INFOPLIST_FILE = projectJTests/Info.plist;
				IPHONEOS_DEPLOYMENT_TARGET = 14.5;
				LD_RUNPATH_SEARCH_PATHS = (
					"$(inherited)",
					"@executable_path/Frameworks",
					"@loader_path/Frameworks",
				);
				PRODUCT_BUNDLE_IDENTIFIER = projectJ.projectJTests;
				PRODUCT_NAME = "$(TARGET_NAME)";
				SWIFT_VERSION = 5.0;
				TARGETED_DEVICE_FAMILY = "1,2";
				TEST_HOST = "$(BUILT_PRODUCTS_DIR)/projectJ.app/projectJ";
			};
			name = Release;
		};
		D852F9CA26D71F58005D1CCA /* Debug */ = {
			isa = XCBuildConfiguration;
			buildSettings = {
				ALWAYS_EMBED_SWIFT_STANDARD_LIBRARIES = YES;
				CODE_SIGN_STYLE = Automatic;
				INFOPLIST_FILE = projectJUITests/Info.plist;
				LD_RUNPATH_SEARCH_PATHS = (
					"$(inherited)",
					"@executable_path/Frameworks",
					"@loader_path/Frameworks",
				);
				PRODUCT_BUNDLE_IDENTIFIER = projectJ.projectJUITests;
				PRODUCT_NAME = "$(TARGET_NAME)";
				SWIFT_VERSION = 5.0;
				TARGETED_DEVICE_FAMILY = "1,2";
				TEST_TARGET_NAME = projectJ;
			};
			name = Debug;
		};
		D852F9CB26D71F58005D1CCA /* Release */ = {
			isa = XCBuildConfiguration;
			buildSettings = {
				ALWAYS_EMBED_SWIFT_STANDARD_LIBRARIES = YES;
				CODE_SIGN_STYLE = Automatic;
				INFOPLIST_FILE = projectJUITests/Info.plist;
				LD_RUNPATH_SEARCH_PATHS = (
					"$(inherited)",
					"@executable_path/Frameworks",
					"@loader_path/Frameworks",
				);
				PRODUCT_BUNDLE_IDENTIFIER = projectJ.projectJUITests;
				PRODUCT_NAME = "$(TARGET_NAME)";
				SWIFT_VERSION = 5.0;
				TARGETED_DEVICE_FAMILY = "1,2";
				TEST_TARGET_NAME = projectJ;
			};
			name = Release;
		};
/* End XCBuildConfiguration section */

/* Begin XCConfigurationList section */
		D852F99426D71F57005D1CCA /* Build configuration list for PBXProject "projectJ" */ = {
			isa = XCConfigurationList;
			buildConfigurations = (
				D852F9C126D71F58005D1CCA /* Debug */,
				D852F9C226D71F58005D1CCA /* Release */,
			);
			defaultConfigurationIsVisible = 0;
			defaultConfigurationName = Release;
		};
		D852F9C326D71F58005D1CCA /* Build configuration list for PBXNativeTarget "projectJ" */ = {
			isa = XCConfigurationList;
			buildConfigurations = (
				D852F9C426D71F58005D1CCA /* Debug */,
				D852F9C526D71F58005D1CCA /* Release */,
			);
			defaultConfigurationIsVisible = 0;
			defaultConfigurationName = Release;
		};
		D852F9C626D71F58005D1CCA /* Build configuration list for PBXNativeTarget "projectJTests" */ = {
			isa = XCConfigurationList;
			buildConfigurations = (
				D852F9C726D71F58005D1CCA /* Debug */,
				D852F9C826D71F58005D1CCA /* Release */,
			);
			defaultConfigurationIsVisible = 0;
			defaultConfigurationName = Release;
		};
		D852F9C926D71F58005D1CCA /* Build configuration list for PBXNativeTarget "projectJUITests" */ = {
			isa = XCConfigurationList;
			buildConfigurations = (
				D852F9CA26D71F58005D1CCA /* Debug */,
				D852F9CB26D71F58005D1CCA /* Release */,
			);
			defaultConfigurationIsVisible = 0;
			defaultConfigurationName = Release;
		};
/* End XCConfigurationList section */
	};
	rootObject = D852F99126D71F57005D1CCA /* Project object */;
}
